// !$*UTF8*$!
{
	archiveVersion = 1;
	classes = {
	};
	objectVersion = 50;
	objects = {

/* Begin PBXBuildFile section */
		EA9FCB8A220B4C2B003E8AE5 /* AppDelegate.swift in Sources */ = {isa = PBXBuildFile; fileRef = EA9FCB89220B4C2B003E8AE5 /* AppDelegate.swift */; };
		EA9FCB8C220B4C2B003E8AE5 /* ViewController.swift in Sources */ = {isa = PBXBuildFile; fileRef = EA9FCB8B220B4C2B003E8AE5 /* ViewController.swift */; };
		EA9FCB8F220B4C2B003E8AE5 /* Main.storyboard in Resources */ = {isa = PBXBuildFile; fileRef = EA9FCB8D220B4C2B003E8AE5 /* Main.storyboard */; };
		EA9FCB91220B4C2D003E8AE5 /* Assets.xcassets in Resources */ = {isa = PBXBuildFile; fileRef = EA9FCB90220B4C2D003E8AE5 /* Assets.xcassets */; };
		EA9FCB94220B4C2D003E8AE5 /* LaunchScreen.storyboard in Resources */ = {isa = PBXBuildFile; fileRef = EA9FCB92220B4C2D003E8AE5 /* LaunchScreen.storyboard */; };
/* End PBXBuildFile section */

/* Begin PBXFileReference section */
		EA9FCB86220B4C2B003E8AE5 /* project_in_group_type_group.app */ = {isa = PBXFileReference; explicitFileType = wrapper.application; includeInIndex = 0; path = project_in_group_type_group.app; sourceTree = BUILT_PRODUCTS_DIR; };
		EA9FCB89220B4C2B003E8AE5 /* AppDelegate.swift */ = {isa = PBXFileReference; lastKnownFileType = sourcecode.swift; path = AppDelegate.swift; sourceTree = "<group>"; };
		EA9FCB8B220B4C2B003E8AE5 /* ViewController.swift */ = {isa = PBXFileReference; lastKnownFileType = sourcecode.swift; path = ViewController.swift; sourceTree = "<group>"; };
		EA9FCB8E220B4C2B003E8AE5 /* Base */ = {isa = PBXFileReference; lastKnownFileType = file.storyboard; name = Base; path = Base.lproj/Main.storyboard; sourceTree = "<group>"; };
		EA9FCB90220B4C2D003E8AE5 /* Assets.xcassets */ = {isa = PBXFileReference; lastKnownFileType = folder.assetcatalog; path = Assets.xcassets; sourceTree = "<group>"; };
		EA9FCB93220B4C2D003E8AE5 /* Base */ = {isa = PBXFileReference; lastKnownFileType = file.storyboard; name = Base; path = Base.lproj/LaunchScreen.storyboard; sourceTree = "<group>"; };
		EA9FCB95220B4C2D003E8AE5 /* Info.plist */ = {isa = PBXFileReference; lastKnownFileType = text.plist.xml; path = Info.plist; sourceTree = "<group>"; };
/* End PBXFileReference section */

/* Begin PBXFrameworksBuildPhase section */
		EA9FCB83220B4C2B003E8AE5 /* Frameworks */ = {
			isa = PBXFrameworksBuildPhase;
			buildActionMask = 2147483647;
			files = (
			);
			runOnlyForDeploymentPostprocessing = 0;
		};
/* End PBXFrameworksBuildPhase section */

/* Begin PBXGroup section */
		EA9FCB7D220B4C2B003E8AE5 = {
			isa = PBXGroup;
			children = (
				EA9FCB88220B4C2B003E8AE5 /* project_in_group_type_group */,
				EA9FCB87220B4C2B003E8AE5 /* Products */,
			);
			sourceTree = "<group>";
		};
		EA9FCB87220B4C2B003E8AE5 /* Products */ = {
			isa = PBXGroup;
			children = (
				EA9FCB86220B4C2B003E8AE5 /* project_in_group_type_group.app */,
			);
			name = Products;
			sourceTree = "<group>";
		};
		EA9FCB88220B4C2B003E8AE5 /* project_in_group_type_group */ = {
			isa = PBXGroup;
			children = (
				EA9FCB89220B4C2B003E8AE5 /* AppDelegate.swift */,
				EA9FCB8B220B4C2B003E8AE5 /* ViewController.swift */,
				EA9FCB8D220B4C2B003E8AE5 /* Main.storyboard */,
				EA9FCB90220B4C2D003E8AE5 /* Assets.xcassets */,
				EA9FCB92220B4C2D003E8AE5 /* LaunchScreen.storyboard */,
				EA9FCB95220B4C2D003E8AE5 /* Info.plist */,
			);
			path = project_in_group_type_group;
			sourceTree = "<group>";
		};
/* End PBXGroup section */

/* Begin PBXNativeTarget section */
		EA9FCB85220B4C2B003E8AE5 /* project_in_group_type_group */ = {
			isa = PBXNativeTarget;
			buildConfigurationList = EA9FCB98220B4C2D003E8AE5 /* Build configuration list for PBXNativeTarget "project_in_group_type_group" */;
			buildPhases = (
				EA9FCB82220B4C2B003E8AE5 /* Sources */,
				EA9FCB83220B4C2B003E8AE5 /* Frameworks */,
				EA9FCB84220B4C2B003E8AE5 /* Resources */,
			);
			buildRules = (
			);
			dependencies = (
			);
			name = project_in_group_type_group;
			productName = project_in_group_type_group;
			productReference = EA9FCB86220B4C2B003E8AE5 /* project_in_group_type_group.app */;
			productType = "com.apple.product-type.application";
		};
/* End PBXNativeTarget section */

/* Begin PBXProject section */
		EA9FCB7E220B4C2B003E8AE5 /* Project object */ = {
			isa = PBXProject;
			attributes = {
				LastSwiftUpdateCheck = 1010;
				LastUpgradeCheck = 1010;
				ORGANIZATIONNAME = CocoaPods;
				TargetAttributes = {
					EA9FCB85220B4C2B003E8AE5 = {
						CreatedOnToolsVersion = 10.1;
					};
				};
			};
			buildConfigurationList = EA9FCB81220B4C2B003E8AE5 /* Build configuration list for PBXProject "project_in_group_type_group" */;
			compatibilityVersion = "Xcode 9.3";
			developmentRegion = en;
			hasScannedForEncodings = 0;
			knownRegions = (
				en,
				Base,
			);
			mainGroup = EA9FCB7D220B4C2B003E8AE5;
			productRefGroup = EA9FCB87220B4C2B003E8AE5 /* Products */;
			projectDirPath = "";
			projectRoot = "";
			targets = (
				EA9FCB85220B4C2B003E8AE5 /* project_in_group_type_group */,
			);
		};
/* End PBXProject section */

/* Begin PBXResourcesBuildPhase section */
		EA9FCB84220B4C2B003E8AE5 /* Resources */ = {
			isa = PBXResourcesBuildPhase;
			buildActionMask = 2147483647;
			files = (
				EA9FCB94220B4C2D003E8AE5 /* LaunchScreen.storyboard in Resources */,
				EA9FCB91220B4C2D003E8AE5 /* Assets.xcassets in Resources */,
				EA9FCB8F220B4C2B003E8AE5 /* Main.storyboard in Resources */,
			);
			runOnlyForDeploymentPostprocessing = 0;
		};
/* End PBXResourcesBuildPhase section */

/* Begin PBXSourcesBuildPhase section */
		EA9FCB82220B4C2B003E8AE5 /* Sources */ = {
			isa = PBXSourcesBuildPhase;
			buildActionMask = 2147483647;
			files = (
				EA9FCB8C220B4C2B003E8AE5 /* ViewController.swift in Sources */,
				EA9FCB8A220B4C2B003E8AE5 /* AppDelegate.swift in Sources */,
			);
			runOnlyForDeploymentPostprocessing = 0;
		};
/* End PBXSourcesBuildPhase section */

/* Begin PBXVariantGroup section */
		EA9FCB8D220B4C2B003E8AE5 /* Main.storyboard */ = {
			isa = PBXVariantGroup;
			children = (
				EA9FCB8E220B4C2B003E8AE5 /* Base */,
			);
			name = Main.storyboard;
			sourceTree = "<group>";
		};
		EA9FCB92220B4C2D003E8AE5 /* LaunchScreen.storyboard */ = {
			isa = PBXVariantGroup;
			children = (
				EA9FCB93220B4C2D003E8AE5 /* Base */,
			);
			name = LaunchScreen.storyboard;
			sourceTree = "<group>";
		};
/* End PBXVariantGroup section */

/* Begin XCBuildConfiguration section */
		EA9FCB96220B4C2D003E8AE5 /* Debug */ = {
			isa = XCBuildConfiguration;
			buildSettings = {
				ALWAYS_SEARCH_USER_PATHS = NO;
				CLANG_ANALYZER_NONNULL = YES;
				CLANG_ANALYZER_NUMBER_OBJECT_CONVERSION = YES_AGGRESSIVE;
				CLANG_CXX_LANGUAGE_STANDARD = "gnu++14";
				CLANG_CXX_LIBRARY = "libc++";
				CLANG_ENABLE_MODULES = YES;
				CLANG_ENABLE_OBJC_ARC = YES;
				CLANG_ENABLE_OBJC_WEAK = YES;
				CLANG_WARN_BLOCK_CAPTURE_AUTORELEASING = YES;
				CLANG_WARN_BOOL_CONVERSION = YES;
				CLANG_WARN_COMMA = YES;
				CLANG_WARN_CONSTANT_CONVERSION = YES;
				CLANG_WARN_DEPRECATED_OBJC_IMPLEMENTATIONS = YES;
				CLANG_WARN_DIRECT_OBJC_ISA_USAGE = YES_ERROR;
				CLANG_WARN_DOCUMENTATION_COMMENTS = YES;
				CLANG_WARN_EMPTY_BODY = YES;
				CLANG_WARN_ENUM_CONVERSION = YES;
				CLANG_WARN_INFINITE_RECURSION = YES;
				CLANG_WARN_INT_CONVERSION = YES;
				CLANG_WARN_NON_LITERAL_NULL_CONVERSION = YES;
				CLANG_WARN_OBJC_IMPLICIT_RETAIN_SELF = YES;
				CLANG_WARN_OBJC_LITERAL_CONVERSION = YES;
				CLANG_WARN_OBJC_ROOT_CLASS = YES_ERROR;
				CLANG_WARN_RANGE_LOOP_ANALYSIS = YES;
				CLANG_WARN_STRICT_PROTOTYPES = YES;
				CLANG_WARN_SUSPICIOUS_MOVE = YES;
				CLANG_WARN_UNGUARDED_AVAILABILITY = YES_AGGRESSIVE;
				CLANG_WARN_UNREACHABLE_CODE = YES;
				CLANG_WARN__DUPLICATE_METHOD_MATCH = YES;
				CODE_SIGN_IDENTITY = "iPhone Developer";
				COPY_PHASE_STRIP = NO;
				DEBUG_INFORMATION_FORMAT = dwarf;
				ENABLE_STRICT_OBJC_MSGSEND = YES;
				ENABLE_TESTABILITY = YES;
				GCC_C_LANGUAGE_STANDARD = gnu11;
				GCC_DYNAMIC_NO_PIC = NO;
				GCC_NO_COMMON_BLOCKS = YES;
				GCC_OPTIMIZATION_LEVEL = 0;
				GCC_PREPROCESSOR_DEFINITIONS = (
					"DEBUG=1",
					"$(inherited)",
				);
				GCC_WARN_64_TO_32_BIT_CONVERSION = YES;
				GCC_WARN_ABOUT_RETURN_TYPE = YES_ERROR;
				GCC_WARN_UNDECLARED_SELECTOR = YES;
				GCC_WARN_UNINITIALIZED_AUTOS = YES_AGGRESSIVE;
				GCC_WARN_UNUSED_FUNCTION = YES;
				GCC_WARN_UNUSED_VARIABLE = YES;
				IPHONEOS_DEPLOYMENT_TARGET = 12.1;
				MTL_ENABLE_DEBUG_INFO = INCLUDE_SOURCE;
				MTL_FAST_MATH = YES;
				ONLY_ACTIVE_ARCH = YES;
				SDKROOT = iphoneos;
				SWIFT_ACTIVE_COMPILATION_CONDITIONS = DEBUG;
				SWIFT_OPTIMIZATION_LEVEL = "-Onone";
			};
			name = Debug;
		};
		EA9FCB97220B4C2D003E8AE5 /* Release */ = {
			isa = XCBuildConfiguration;
			buildSettings = {
				ALWAYS_SEARCH_USER_PATHS = NO;
				CLANG_ANALYZER_NONNULL = YES;
				CLANG_ANALYZER_NUMBER_OBJECT_CONVERSION = YES_AGGRESSIVE;
				CLANG_CXX_LANGUAGE_STANDARD = "gnu++14";
				CLANG_CXX_LIBRARY = "libc++";
				CLANG_ENABLE_MODULES = YES;
				CLANG_ENABLE_OBJC_ARC = YES;
				CLANG_ENABLE_OBJC_WEAK = YES;
				CLANG_WARN_BLOCK_CAPTURE_AUTORELEASING = YES;
				CLANG_WARN_BOOL_CONVERSION = YES;
				CLANG_WARN_COMMA = YES;
				CLANG_WARN_CONSTANT_CONVERSION = YES;
				CLANG_WARN_DEPRECATED_OBJC_IMPLEMENTATIONS = YES;
				CLANG_WARN_DIRECT_OBJC_ISA_USAGE = YES_ERROR;
				CLANG_WARN_DOCUMENTATION_COMMENTS = YES;
				CLANG_WARN_EMPTY_BODY = YES;
				CLANG_WARN_ENUM_CONVERSION = YES;
				CLANG_WARN_INFINITE_RECURSION = YES;
				CLANG_WARN_INT_CONVERSION = YES;
				CLANG_WARN_NON_LITERAL_NULL_CONVERSION = YES;
				CLANG_WARN_OBJC_IMPLICIT_RETAIN_SELF = YES;
				CLANG_WARN_OBJC_LITERAL_CONVERSION = YES;
				CLANG_WARN_OBJC_ROOT_CLASS = YES_ERROR;
				CLANG_WARN_RANGE_LOOP_ANALYSIS = YES;
				CLANG_WARN_STRICT_PROTOTYPES = YES;
				CLANG_WARN_SUSPICIOUS_MOVE = YES;
				CLANG_WARN_UNGUARDED_AVAILABILITY = YES_AGGRESSIVE;
				CLANG_WARN_UNREACHABLE_CODE = YES;
				CLANG_WARN__DUPLICATE_METHOD_MATCH = YES;
				CODE_SIGN_IDENTITY = "iPhone Developer";
				COPY_PHASE_STRIP = NO;
				DEBUG_INFORMATION_FORMAT = "dwarf-with-dsym";
				ENABLE_NS_ASSERTIONS = NO;
				ENABLE_STRICT_OBJC_MSGSEND = YES;
				GCC_C_LANGUAGE_STANDARD = gnu11;
				GCC_NO_COMMON_BLOCKS = YES;
				GCC_WARN_64_TO_32_BIT_CONVERSION = YES;
				GCC_WARN_ABOUT_RETURN_TYPE = YES_ERROR;
				GCC_WARN_UNDECLARED_SELECTOR = YES;
				GCC_WARN_UNINITIALIZED_AUTOS = YES_AGGRESSIVE;
				GCC_WARN_UNUSED_FUNCTION = YES;
				GCC_WARN_UNUSED_VARIABLE = YES;
				IPHONEOS_DEPLOYMENT_TARGET = 12.1;
				MTL_ENABLE_DEBUG_INFO = NO;
				MTL_FAST_MATH = YES;
				SDKROOT = iphoneos;
				SWIFT_COMPILATION_MODE = wholemodule;
				SWIFT_OPTIMIZATION_LEVEL = "-O";
				VALIDATE_PRODUCT = YES;
			};
			name = Release;
		};
		EA9FCB99220B4C2D003E8AE5 /* Debug */ = {
			isa = XCBuildConfiguration;
			buildSettings = {
				ASSETCATALOG_COMPILER_APPICON_NAME = AppIcon;
				CODE_SIGN_STYLE = Automatic;
				INFOPLIST_FILE = project_in_group_type_group/Info.plist;
				LD_RUNPATH_SEARCH_PATHS = (
					"$(inherited)",
					"@executable_path/Frameworks",
				);
				PRODUCT_BUNDLE_IDENTIFIER = "org.cocoapods.project-in-group-type-group";
				PRODUCT_NAME = "$(TARGET_NAME)";
				SWIFT_VERSION = 4.2;
				TARGETED_DEVICE_FAMILY = "1,2";
			};
			name = Debug;
		};
		EA9FCB9A220B4C2D003E8AE5 /* Release */ = {
			isa = XCBuildConfiguration;
			buildSettings = {
				ASSETCATALOG_COMPILER_APPICON_NAME = AppIcon;
				CODE_SIGN_STYLE = Automatic;
				INFOPLIST_FILE = project_in_group_type_group/Info.plist;
				LD_RUNPATH_SEARCH_PATHS = (
					"$(inherited)",
					"@executable_path/Frameworks",
				);
				PRODUCT_BUNDLE_IDENTIFIER = "org.cocoapods.project-in-group-type-group";
				PRODUCT_NAME = "$(TARGET_NAME)";
				SWIFT_VERSION = 4.2;
				TARGETED_DEVICE_FAMILY = "1,2";
			};
			name = Release;
		};
/* End XCBuildConfiguration section */

/* Begin XCConfigurationList section */
		EA9FCB81220B4C2B003E8AE5 /* Build configuration list for PBXProject "project_in_group_type_group" */ = {
			isa = XCConfigurationList;
			buildConfigurations = (
				EA9FCB96220B4C2D003E8AE5 /* Debug */,
				EA9FCB97220B4C2D003E8AE5 /* Release */,
			);
			defaultConfigurationIsVisible = 0;
			defaultConfigurationName = Release;
		};
		EA9FCB98220B4C2D003E8AE5 /* Build configuration list for PBXNativeTarget "project_in_group_type_group" */ = {
			isa = XCConfigurationList;
			buildConfigurations = (
				EA9FCB99220B4C2D003E8AE5 /* Debug */,
				EA9FCB9A220B4C2D003E8AE5 /* Release */,
			);
			defaultConfigurationIsVisible = 0;
			defaultConfigurationName = Release;
		};
/* End XCConfigurationList section */
	};
	rootObject = EA9FCB7E220B4C2B003E8AE5 /* Project object */;
}
