// !$*UTF8*$!
{
	archiveVersion = 1;
	classes = {
	};
	objectVersion = 46;
	objects = {

/* Begin PBXBuildFile section */
		C03C799F1BDC3DB000191591 /* main.m in Sources */ = {isa = PBXBuildFile; fileRef = C03C799E1BDC3DB000191591 /* main.m */; };
		C03C79A21BDC3DB000191591 /* AppDelegate.m in Sources */ = {isa = PBXBuildFile; fileRef = C03C79A11BDC3DB000191591 /* AppDelegate.m */; };
		C03C79A51BDC3DB000191591 /* MasterViewController.m in Sources */ = {isa = PBXBuildFile; fileRef = C03C79A41BDC3DB000191591 /* MasterViewController.m */; };
		C03C79A81BDC3DB000191591 /* DetailViewController.m in Sources */ = {isa = PBXBuildFile; fileRef = C03C79A71BDC3DB000191591 /* DetailViewController.m */; };
		C03C79AB1BDC3DB000191591 /* Main.storyboard in Resources */ = {isa = PBXBuildFile; fileRef = C03C79A91BDC3DB000191591 /* Main.storyboard */; };
		C03C79AD1BDC3DB000191591 /* Assets.xcassets in Resources */ = {isa = PBXBuildFile; fileRef = C03C79AC1BDC3DB000191591 /* Assets.xcassets */; };
		C03C79B01BDC3DB000191591 /* LaunchScreen.storyboard in Resources */ = {isa = PBXBuildFile; fileRef = C03C79AE1BDC3DB000191591 /* LaunchScreen.storyboard */; };
		C03C79BC1BDC3DBC00191591 /* AppDelegate.swift in Sources */ = {isa = PBXBuildFile; fileRef = C03C79BB1BDC3DBC00191591 /* AppDelegate.swift */; };
		C03C79BE1BDC3DBC00191591 /* MasterViewController.swift in Sources */ = {isa = PBXBuildFile; fileRef = C03C79BD1BDC3DBC00191591 /* MasterViewController.swift */; };
		C03C79C01BDC3DBC00191591 /* DetailViewController.swift in Sources */ = {isa = PBXBuildFile; fileRef = C03C79BF1BDC3DBC00191591 /* DetailViewController.swift */; };
		C03C79C31BDC3DBC00191591 /* Main.storyboard in Resources */ = {isa = PBXBuildFile; fileRef = C03C79C11BDC3DBC00191591 /* Main.storyboard */; };
		C03C79C51BDC3DBC00191591 /* Assets.xcassets in Resources */ = {isa = PBXBuildFile; fileRef = C03C79C41BDC3DBC00191591 /* Assets.xcassets */; };
		C03C79C81BDC3DBC00191591 /* LaunchScreen.storyboard in Resources */ = {isa = PBXBuildFile; fileRef = C03C79C61BDC3DBC00191591 /* LaunchScreen.storyboard */; };
		C03C79D51BDC3DCD00191591 /* Objc_iOS_Framework.h in Headers */ = {isa = PBXBuildFile; fileRef = C03C79D41BDC3DCD00191591 /* Objc_iOS_Framework.h */; settings = {ATTRIBUTES = (Public, ); }; };
		C03C79D91BDC3DCD00191591 /* Objc_iOS_Framework.framework in Frameworks */ = {isa = PBXBuildFile; fileRef = C03C79D21BDC3DCD00191591 /* Objc_iOS_Framework.framework */; };
		C03C79DA1BDC3DCD00191591 /* Objc_iOS_Framework.framework in Embed Frameworks */ = {isa = PBXBuildFile; fileRef = C03C79D21BDC3DCD00191591 /* Objc_iOS_Framework.framework */; settings = {ATTRIBUTES = (CodeSignOnCopy, RemoveHeadersOnCopy, ); }; };
		C03C79E71BDC3DD700191591 /* Swift_iOS_Framework.h in Headers */ = {isa = PBXBuildFile; fileRef = C03C79E61BDC3DD700191591 /* Swift_iOS_Framework.h */; settings = {ATTRIBUTES = (Public, ); }; };
		C03C79EB1BDC3DD700191591 /* Swift_iOS_Framework.framework in Frameworks */ = {isa = PBXBuildFile; fileRef = C03C79E41BDC3DD700191591 /* Swift_iOS_Framework.framework */; };
		C03C79EC1BDC3DD700191591 /* Swift_iOS_Framework.framework in Embed Frameworks */ = {isa = PBXBuildFile; fileRef = C03C79E41BDC3DD700191591 /* Swift_iOS_Framework.framework */; settings = {ATTRIBUTES = (CodeSignOnCopy, RemoveHeadersOnCopy, ); }; };
		C03C79F71BDC3DE000191591 /* Objc_iOS_StaticLibrary.h in Headers */ = {isa = PBXBuildFile; fileRef = C03C79F61BDC3DE000191591 /* Objc_iOS_StaticLibrary.h */; };
		C03C79F91BDC3DE000191591 /* Objc_iOS_StaticLibrary.m in Sources */ = {isa = PBXBuildFile; fileRef = C03C79F81BDC3DE000191591 /* Objc_iOS_StaticLibrary.m */; };
		C03C7A051BDC3DED00191591 /* AppDelegate.m in Sources */ = {isa = PBXBuildFile; fileRef = C03C7A041BDC3DED00191591 /* AppDelegate.m */; };
		C03C7A081BDC3DED00191591 /* main.m in Sources */ = {isa = PBXBuildFile; fileRef = C03C7A071BDC3DED00191591 /* main.m */; };
		C03C7A0B1BDC3DED00191591 /* ViewController.m in Sources */ = {isa = PBXBuildFile; fileRef = C03C7A0A1BDC3DED00191591 /* ViewController.m */; };
		C03C7A0D1BDC3DED00191591 /* Assets.xcassets in Resources */ = {isa = PBXBuildFile; fileRef = C03C7A0C1BDC3DED00191591 /* Assets.xcassets */; };
		C03C7A101BDC3DED00191591 /* Main.storyboard in Resources */ = {isa = PBXBuildFile; fileRef = C03C7A0E1BDC3DED00191591 /* Main.storyboard */; };
		C03C7A1C1BDC3DF700191591 /* AppDelegate.swift in Sources */ = {isa = PBXBuildFile; fileRef = C03C7A1B1BDC3DF700191591 /* AppDelegate.swift */; };
		C03C7A1E1BDC3DF700191591 /* ViewController.swift in Sources */ = {isa = PBXBuildFile; fileRef = C03C7A1D1BDC3DF700191591 /* ViewController.swift */; };
		C03C7A201BDC3DF700191591 /* Assets.xcassets in Resources */ = {isa = PBXBuildFile; fileRef = C03C7A1F1BDC3DF700191591 /* Assets.xcassets */; };
		C03C7A231BDC3DF700191591 /* Main.storyboard in Resources */ = {isa = PBXBuildFile; fileRef = C03C7A211BDC3DF700191591 /* Main.storyboard */; };
		C03C7A301BDC3E0300191591 /* Objc_OSX_Framework.h in Headers */ = {isa = PBXBuildFile; fileRef = C03C7A2F1BDC3E0300191591 /* Objc_OSX_Framework.h */; settings = {ATTRIBUTES = (Public, ); }; };
		C03C7A341BDC3E0300191591 /* Objc_OSX_Framework.framework in Frameworks */ = {isa = PBXBuildFile; fileRef = C03C7A2D1BDC3E0300191591 /* Objc_OSX_Framework.framework */; };
		C03C7A351BDC3E0300191591 /* Objc_OSX_Framework.framework in Embed Frameworks */ = {isa = PBXBuildFile; fileRef = C03C7A2D1BDC3E0300191591 /* Objc_OSX_Framework.framework */; settings = {ATTRIBUTES = (CodeSignOnCopy, RemoveHeadersOnCopy, ); }; };
		C03C7A421BDC3E1000191591 /* Swift_OSX_Framework.h in Headers */ = {isa = PBXBuildFile; fileRef = C03C7A411BDC3E1000191591 /* Swift_OSX_Framework.h */; settings = {ATTRIBUTES = (Public, ); }; };
		C03C7A461BDC3E1000191591 /* Swift_OSX_Framework.framework in Frameworks */ = {isa = PBXBuildFile; fileRef = C03C7A3F1BDC3E1000191591 /* Swift_OSX_Framework.framework */; };
		C03C7A471BDC3E1000191591 /* Swift_OSX_Framework.framework in Embed Frameworks */ = {isa = PBXBuildFile; fileRef = C03C7A3F1BDC3E1000191591 /* Swift_OSX_Framework.framework */; settings = {ATTRIBUTES = (CodeSignOnCopy, RemoveHeadersOnCopy, ); }; };
		C03C7A521BDC3E1A00191591 /* Objc_OSX_StaticLibrary.h in Headers */ = {isa = PBXBuildFile; fileRef = C03C7A511BDC3E1A00191591 /* Objc_OSX_StaticLibrary.h */; };
		C03C7A541BDC3E1A00191591 /* Objc_OSX_StaticLibrary.m in Sources */ = {isa = PBXBuildFile; fileRef = C03C7A531BDC3E1A00191591 /* Objc_OSX_StaticLibrary.m */; };
		C03C7A5F1BDC3E2200191591 /* Objc_OSX_DynamicLibrary.h in Headers */ = {isa = PBXBuildFile; fileRef = C03C7A5E1BDC3E2200191591 /* Objc_OSX_DynamicLibrary.h */; };
		C03C7A611BDC3E2200191591 /* Objc_OSX_DynamicLibrary.m in Sources */ = {isa = PBXBuildFile; fileRef = C03C7A601BDC3E2200191591 /* Objc_OSX_DynamicLibrary.m */; };
/* End PBXBuildFile section */

/* Begin PBXContainerItemProxy section */
		C03C79D71BDC3DCD00191591 /* PBXContainerItemProxy */ = {
			isa = PBXContainerItemProxy;
			containerPortal = E683F4F63B214332F588E287 /* Project object */;
			proxyType = 1;
			remoteGlobalIDString = C03C79D11BDC3DCD00191591;
			remoteInfo = Objc_iOS_Framework;
		};
		C03C79E91BDC3DD700191591 /* PBXContainerItemProxy */ = {
			isa = PBXContainerItemProxy;
			containerPortal = E683F4F63B214332F588E287 /* Project object */;
			proxyType = 1;
			remoteGlobalIDString = C03C79E31BDC3DD700191591;
			remoteInfo = Swift_iOS_Framework;
		};
		C03C7A321BDC3E0300191591 /* PBXContainerItemProxy */ = {
			isa = PBXContainerItemProxy;
			containerPortal = E683F4F63B214332F588E287 /* Project object */;
			proxyType = 1;
			remoteGlobalIDString = C03C7A2C1BDC3E0300191591;
			remoteInfo = Objc_OSX_Framework;
		};
		C03C7A441BDC3E1000191591 /* PBXContainerItemProxy */ = {
			isa = PBXContainerItemProxy;
			containerPortal = E683F4F63B214332F588E287 /* Project object */;
			proxyType = 1;
			remoteGlobalIDString = C03C7A3E1BDC3E1000191591;
			remoteInfo = Swift_OSX_Framework;
		};
/* End PBXContainerItemProxy section */

/* Begin PBXCopyFilesBuildPhase section */
		C03C79DE1BDC3DCD00191591 /* Embed Frameworks */ = {
			isa = PBXCopyFilesBuildPhase;
			buildActionMask = 2147483647;
			dstPath = "";
			dstSubfolderSpec = 10;
			files = (
				C03C79DA1BDC3DCD00191591 /* Objc_iOS_Framework.framework in Embed Frameworks */,
				C03C79EC1BDC3DD700191591 /* Swift_iOS_Framework.framework in Embed Frameworks */,
			);
			name = "Embed Frameworks";
			runOnlyForDeploymentPostprocessing = 0;
		};
		C03C79F21BDC3DE000191591 /* CopyFiles */ = {
			isa = PBXCopyFilesBuildPhase;
			buildActionMask = 2147483647;
			dstPath = "include/$(PRODUCT_NAME)";
			dstSubfolderSpec = 16;
			files = (
			);
			runOnlyForDeploymentPostprocessing = 0;
		};
		C03C7A391BDC3E0300191591 /* Embed Frameworks */ = {
			isa = PBXCopyFilesBuildPhase;
			buildActionMask = 2147483647;
			dstPath = "";
			dstSubfolderSpec = 10;
			files = (
				C03C7A471BDC3E1000191591 /* Swift_OSX_Framework.framework in Embed Frameworks */,
				C03C7A351BDC3E0300191591 /* Objc_OSX_Framework.framework in Embed Frameworks */,
			);
			name = "Embed Frameworks";
			runOnlyForDeploymentPostprocessing = 0;
		};
/* End PBXCopyFilesBuildPhase section */

/* Begin PBXFileReference section */
		C03C799B1BDC3DB000191591 /* Objc_iOS_Native.app */ = {isa = PBXFileReference; explicitFileType = wrapper.application; includeInIndex = 0; path = Objc_iOS_Native.app; sourceTree = BUILT_PRODUCTS_DIR; };
		C03C799E1BDC3DB000191591 /* main.m */ = {isa = PBXFileReference; lastKnownFileType = sourcecode.c.objc; path = main.m; sourceTree = "<group>"; };
		C03C79A01BDC3DB000191591 /* AppDelegate.h */ = {isa = PBXFileReference; lastKnownFileType = sourcecode.c.h; path = AppDelegate.h; sourceTree = "<group>"; };
		C03C79A11BDC3DB000191591 /* AppDelegate.m */ = {isa = PBXFileReference; lastKnownFileType = sourcecode.c.objc; path = AppDelegate.m; sourceTree = "<group>"; };
		C03C79A31BDC3DB000191591 /* MasterViewController.h */ = {isa = PBXFileReference; lastKnownFileType = sourcecode.c.h; path = MasterViewController.h; sourceTree = "<group>"; };
		C03C79A41BDC3DB000191591 /* MasterViewController.m */ = {isa = PBXFileReference; lastKnownFileType = sourcecode.c.objc; path = MasterViewController.m; sourceTree = "<group>"; };
		C03C79A61BDC3DB000191591 /* DetailViewController.h */ = {isa = PBXFileReference; lastKnownFileType = sourcecode.c.h; path = DetailViewController.h; sourceTree = "<group>"; };
		C03C79A71BDC3DB000191591 /* DetailViewController.m */ = {isa = PBXFileReference; lastKnownFileType = sourcecode.c.objc; path = DetailViewController.m; sourceTree = "<group>"; };
		C03C79AA1BDC3DB000191591 /* Base */ = {isa = PBXFileReference; lastKnownFileType = file.storyboard; name = Base; path = Base.lproj/Main.storyboard; sourceTree = "<group>"; };
		C03C79AC1BDC3DB000191591 /* Assets.xcassets */ = {isa = PBXFileReference; lastKnownFileType = folder.assetcatalog; path = Assets.xcassets; sourceTree = "<group>"; };
		C03C79AF1BDC3DB000191591 /* Base */ = {isa = PBXFileReference; lastKnownFileType = file.storyboard; name = Base; path = Base.lproj/LaunchScreen.storyboard; sourceTree = "<group>"; };
		C03C79B11BDC3DB000191591 /* Info.plist */ = {isa = PBXFileReference; lastKnownFileType = text.plist.xml; path = Info.plist; sourceTree = "<group>"; };
		C03C79B91BDC3DBC00191591 /* Swift_iOS_Native.app */ = {isa = PBXFileReference; explicitFileType = wrapper.application; includeInIndex = 0; path = Swift_iOS_Native.app; sourceTree = BUILT_PRODUCTS_DIR; };
		C03C79BB1BDC3DBC00191591 /* AppDelegate.swift */ = {isa = PBXFileReference; lastKnownFileType = sourcecode.swift; path = AppDelegate.swift; sourceTree = "<group>"; };
		C03C79BD1BDC3DBC00191591 /* MasterViewController.swift */ = {isa = PBXFileReference; lastKnownFileType = sourcecode.swift; path = MasterViewController.swift; sourceTree = "<group>"; };
		C03C79BF1BDC3DBC00191591 /* DetailViewController.swift */ = {isa = PBXFileReference; lastKnownFileType = sourcecode.swift; path = DetailViewController.swift; sourceTree = "<group>"; };
		C03C79C21BDC3DBC00191591 /* Base */ = {isa = PBXFileReference; lastKnownFileType = file.storyboard; name = Base; path = Base.lproj/Main.storyboard; sourceTree = "<group>"; };
		C03C79C41BDC3DBC00191591 /* Assets.xcassets */ = {isa = PBXFileReference; lastKnownFileType = folder.assetcatalog; path = Assets.xcassets; sourceTree = "<group>"; };
		C03C79C71BDC3DBC00191591 /* Base */ = {isa = PBXFileReference; lastKnownFileType = file.storyboard; name = Base; path = Base.lproj/LaunchScreen.storyboard; sourceTree = "<group>"; };
		C03C79C91BDC3DBC00191591 /* Info.plist */ = {isa = PBXFileReference; lastKnownFileType = text.plist.xml; path = Info.plist; sourceTree = "<group>"; };
		C03C79D21BDC3DCD00191591 /* Objc_iOS_Framework.framework */ = {isa = PBXFileReference; explicitFileType = wrapper.framework; includeInIndex = 0; path = Objc_iOS_Framework.framework; sourceTree = BUILT_PRODUCTS_DIR; };
		C03C79D41BDC3DCD00191591 /* Objc_iOS_Framework.h */ = {isa = PBXFileReference; lastKnownFileType = sourcecode.c.h; path = Objc_iOS_Framework.h; sourceTree = "<group>"; };
		C03C79D61BDC3DCD00191591 /* Info.plist */ = {isa = PBXFileReference; lastKnownFileType = text.plist.xml; path = Info.plist; sourceTree = "<group>"; };
		C03C79E41BDC3DD700191591 /* Swift_iOS_Framework.framework */ = {isa = PBXFileReference; explicitFileType = wrapper.framework; includeInIndex = 0; path = Swift_iOS_Framework.framework; sourceTree = BUILT_PRODUCTS_DIR; };
		C03C79E61BDC3DD700191591 /* Swift_iOS_Framework.h */ = {isa = PBXFileReference; lastKnownFileType = sourcecode.c.h; path = Swift_iOS_Framework.h; sourceTree = "<group>"; };
		C03C79E81BDC3DD700191591 /* Info.plist */ = {isa = PBXFileReference; lastKnownFileType = text.plist.xml; path = Info.plist; sourceTree = "<group>"; };
		C03C79F41BDC3DE000191591 /* libObjc_iOS_StaticLibrary.a */ = {isa = PBXFileReference; explicitFileType = archive.ar; includeInIndex = 0; path = libObjc_iOS_StaticLibrary.a; sourceTree = BUILT_PRODUCTS_DIR; };
		C03C79F61BDC3DE000191591 /* Objc_iOS_StaticLibrary.h */ = {isa = PBXFileReference; lastKnownFileType = sourcecode.c.h; path = Objc_iOS_StaticLibrary.h; sourceTree = "<group>"; };
		C03C79F81BDC3DE000191591 /* Objc_iOS_StaticLibrary.m */ = {isa = PBXFileReference; lastKnownFileType = sourcecode.c.objc; path = Objc_iOS_StaticLibrary.m; sourceTree = "<group>"; };
		C03C7A011BDC3DED00191591 /* Objc_OSX_Native.app */ = {isa = PBXFileReference; explicitFileType = wrapper.application; includeInIndex = 0; path = Objc_OSX_Native.app; sourceTree = BUILT_PRODUCTS_DIR; };
		C03C7A031BDC3DED00191591 /* AppDelegate.h */ = {isa = PBXFileReference; lastKnownFileType = sourcecode.c.h; path = AppDelegate.h; sourceTree = "<group>"; };
		C03C7A041BDC3DED00191591 /* AppDelegate.m */ = {isa = PBXFileReference; lastKnownFileType = sourcecode.c.objc; path = AppDelegate.m; sourceTree = "<group>"; };
		C03C7A071BDC3DED00191591 /* main.m */ = {isa = PBXFileReference; lastKnownFileType = sourcecode.c.objc; path = main.m; sourceTree = "<group>"; };
		C03C7A091BDC3DED00191591 /* ViewController.h */ = {isa = PBXFileReference; lastKnownFileType = sourcecode.c.h; path = ViewController.h; sourceTree = "<group>"; };
		C03C7A0A1BDC3DED00191591 /* ViewController.m */ = {isa = PBXFileReference; lastKnownFileType = sourcecode.c.objc; path = ViewController.m; sourceTree = "<group>"; };
		C03C7A0C1BDC3DED00191591 /* Assets.xcassets */ = {isa = PBXFileReference; lastKnownFileType = folder.assetcatalog; path = Assets.xcassets; sourceTree = "<group>"; };
		C03C7A0F1BDC3DED00191591 /* Base */ = {isa = PBXFileReference; lastKnownFileType = file.storyboard; name = Base; path = Base.lproj/Main.storyboard; sourceTree = "<group>"; };
		C03C7A111BDC3DED00191591 /* Info.plist */ = {isa = PBXFileReference; lastKnownFileType = text.plist.xml; path = Info.plist; sourceTree = "<group>"; };
		C03C7A191BDC3DF700191591 /* Swift_OSX_Native.app */ = {isa = PBXFileReference; explicitFileType = wrapper.application; includeInIndex = 0; path = Swift_OSX_Native.app; sourceTree = BUILT_PRODUCTS_DIR; };
		C03C7A1B1BDC3DF700191591 /* AppDelegate.swift */ = {isa = PBXFileReference; lastKnownFileType = sourcecode.swift; path = AppDelegate.swift; sourceTree = "<group>"; };
		C03C7A1D1BDC3DF700191591 /* ViewController.swift */ = {isa = PBXFileReference; lastKnownFileType = sourcecode.swift; path = ViewController.swift; sourceTree = "<group>"; };
		C03C7A1F1BDC3DF700191591 /* Assets.xcassets */ = {isa = PBXFileReference; lastKnownFileType = folder.assetcatalog; path = Assets.xcassets; sourceTree = "<group>"; };
		C03C7A221BDC3DF700191591 /* Base */ = {isa = PBXFileReference; lastKnownFileType = file.storyboard; name = Base; path = Base.lproj/Main.storyboard; sourceTree = "<group>"; };
		C03C7A241BDC3DF700191591 /* Info.plist */ = {isa = PBXFileReference; lastKnownFileType = text.plist.xml; path = Info.plist; sourceTree = "<group>"; };
		C03C7A2D1BDC3E0300191591 /* Objc_OSX_Framework.framework */ = {isa = PBXFileReference; explicitFileType = wrapper.framework; includeInIndex = 0; path = Objc_OSX_Framework.framework; sourceTree = BUILT_PRODUCTS_DIR; };
		C03C7A2F1BDC3E0300191591 /* Objc_OSX_Framework.h */ = {isa = PBXFileReference; lastKnownFileType = sourcecode.c.h; path = Objc_OSX_Framework.h; sourceTree = "<group>"; };
		C03C7A311BDC3E0300191591 /* Info.plist */ = {isa = PBXFileReference; lastKnownFileType = text.plist.xml; path = Info.plist; sourceTree = "<group>"; };
		C03C7A3F1BDC3E1000191591 /* Swift_OSX_Framework.framework */ = {isa = PBXFileReference; explicitFileType = wrapper.framework; includeInIndex = 0; path = Swift_OSX_Framework.framework; sourceTree = BUILT_PRODUCTS_DIR; };
		C03C7A411BDC3E1000191591 /* Swift_OSX_Framework.h */ = {isa = PBXFileReference; lastKnownFileType = sourcecode.c.h; path = Swift_OSX_Framework.h; sourceTree = "<group>"; };
		C03C7A431BDC3E1000191591 /* Info.plist */ = {isa = PBXFileReference; lastKnownFileType = text.plist.xml; path = Info.plist; sourceTree = "<group>"; };
		C03C7A4F1BDC3E1A00191591 /* libObjc_OSX_StaticLibrary.a */ = {isa = PBXFileReference; explicitFileType = archive.ar; includeInIndex = 0; path = libObjc_OSX_StaticLibrary.a; sourceTree = BUILT_PRODUCTS_DIR; };
		C03C7A511BDC3E1A00191591 /* Objc_OSX_StaticLibrary.h */ = {isa = PBXFileReference; lastKnownFileType = sourcecode.c.h; path = Objc_OSX_StaticLibrary.h; sourceTree = "<group>"; };
		C03C7A531BDC3E1A00191591 /* Objc_OSX_StaticLibrary.m */ = {isa = PBXFileReference; lastKnownFileType = sourcecode.c.objc; path = Objc_OSX_StaticLibrary.m; sourceTree = "<group>"; };
		C03C7A5C1BDC3E2200191591 /* libObjc_OSX_DynamicLibrary.dylib */ = {isa = PBXFileReference; explicitFileType = "compiled.mach-o.dylib"; includeInIndex = 0; path = libObjc_OSX_DynamicLibrary.dylib; sourceTree = BUILT_PRODUCTS_DIR; };
		C03C7A5E1BDC3E2200191591 /* Objc_OSX_DynamicLibrary.h */ = {isa = PBXFileReference; lastKnownFileType = sourcecode.c.h; path = Objc_OSX_DynamicLibrary.h; sourceTree = "<group>"; };
		C03C7A601BDC3E2200191591 /* Objc_OSX_DynamicLibrary.m */ = {isa = PBXFileReference; lastKnownFileType = sourcecode.c.objc; path = Objc_OSX_DynamicLibrary.m; sourceTree = "<group>"; };
		C03C7A691BDC3E2B00191591 /* OSX_Bundle.bundle */ = {isa = PBXFileReference; explicitFileType = wrapper.cfbundle; includeInIndex = 0; path = OSX_Bundle.bundle; sourceTree = BUILT_PRODUCTS_DIR; };
		C03C7A6B1BDC3E2B00191591 /* Info.plist */ = {isa = PBXFileReference; lastKnownFileType = text.plist.xml; path = Info.plist; sourceTree = "<group>"; };
/* End PBXFileReference section */

/* Begin PBXFrameworksBuildPhase section */
		C03C79981BDC3DB000191591 /* Frameworks */ = {
			isa = PBXFrameworksBuildPhase;
			buildActionMask = 2147483647;
			files = (
				C03C79D91BDC3DCD00191591 /* Objc_iOS_Framework.framework in Frameworks */,
				C03C79EB1BDC3DD700191591 /* Swift_iOS_Framework.framework in Frameworks */,
			);
			runOnlyForDeploymentPostprocessing = 0;
		};
		C03C79B61BDC3DBC00191591 /* Frameworks */ = {
			isa = PBXFrameworksBuildPhase;
			buildActionMask = 2147483647;
			files = (
			);
			runOnlyForDeploymentPostprocessing = 0;
		};
		C03C79CE1BDC3DCD00191591 /* Frameworks */ = {
			isa = PBXFrameworksBuildPhase;
			buildActionMask = 2147483647;
			files = (
			);
			runOnlyForDeploymentPostprocessing = 0;
		};
		C03C79E01BDC3DD700191591 /* Frameworks */ = {
			isa = PBXFrameworksBuildPhase;
			buildActionMask = 2147483647;
			files = (
			);
			runOnlyForDeploymentPostprocessing = 0;
		};
		C03C79F11BDC3DE000191591 /* Frameworks */ = {
			isa = PBXFrameworksBuildPhase;
			buildActionMask = 2147483647;
			files = (
			);
			runOnlyForDeploymentPostprocessing = 0;
		};
		C03C79FE1BDC3DED00191591 /* Frameworks */ = {
			isa = PBXFrameworksBuildPhase;
			buildActionMask = 2147483647;
			files = (
				C03C7A461BDC3E1000191591 /* Swift_OSX_Framework.framework in Frameworks */,
				C03C7A341BDC3E0300191591 /* Objc_OSX_Framework.framework in Frameworks */,
			);
			runOnlyForDeploymentPostprocessing = 0;
		};
		C03C7A161BDC3DF700191591 /* Frameworks */ = {
			isa = PBXFrameworksBuildPhase;
			buildActionMask = 2147483647;
			files = (
			);
			runOnlyForDeploymentPostprocessing = 0;
		};
		C03C7A291BDC3E0300191591 /* Frameworks */ = {
			isa = PBXFrameworksBuildPhase;
			buildActionMask = 2147483647;
			files = (
			);
			runOnlyForDeploymentPostprocessing = 0;
		};
		C03C7A3B1BDC3E1000191591 /* Frameworks */ = {
			isa = PBXFrameworksBuildPhase;
			buildActionMask = 2147483647;
			files = (
			);
			runOnlyForDeploymentPostprocessing = 0;
		};
		C03C7A4C1BDC3E1A00191591 /* Frameworks */ = {
			isa = PBXFrameworksBuildPhase;
			buildActionMask = 2147483647;
			files = (
			);
			runOnlyForDeploymentPostprocessing = 0;
		};
		C03C7A591BDC3E2200191591 /* Frameworks */ = {
			isa = PBXFrameworksBuildPhase;
			buildActionMask = 2147483647;
			files = (
			);
			runOnlyForDeploymentPostprocessing = 0;
		};
		C03C7A661BDC3E2B00191591 /* Frameworks */ = {
			isa = PBXFrameworksBuildPhase;
			buildActionMask = 2147483647;
			files = (
			);
			runOnlyForDeploymentPostprocessing = 0;
		};
/* End PBXFrameworksBuildPhase section */

/* Begin PBXGroup section */
		8978841985A3338482574E7B = {
			isa = PBXGroup;
			children = (
				C03C799C1BDC3DB000191591 /* Objc_iOS_Native */,
				C03C79BA1BDC3DBC00191591 /* Swift_iOS_Native */,
				C03C79D31BDC3DCD00191591 /* Objc_iOS_Framework */,
				C03C79E51BDC3DD700191591 /* Swift_iOS_Framework */,
				C03C79F51BDC3DE000191591 /* Objc_iOS_StaticLibrary */,
				C03C7A021BDC3DED00191591 /* Objc_OSX_Native */,
				C03C7A1A1BDC3DF700191591 /* Swift_OSX_Native */,
				C03C7A2E1BDC3E0300191591 /* Objc_OSX_Framework */,
				C03C7A401BDC3E1000191591 /* Swift_OSX_Framework */,
				C03C7A501BDC3E1A00191591 /* Objc_OSX_StaticLibrary */,
				C03C7A5D1BDC3E2200191591 /* Objc_OSX_DynamicLibrary */,
				C03C7A6A1BDC3E2B00191591 /* OSX_Bundle */,
				A2B34AF16A9193083D76C012 /* Products */,
				8E5D4D5928696353CB776E57 /* Frameworks */,
			);
			sourceTree = "<group>";
		};
		8E5D4D5928696353CB776E57 /* Frameworks */ = {
			isa = PBXGroup;
			children = (
			);
			name = Frameworks;
			sourceTree = "<group>";
		};
		A2B34AF16A9193083D76C012 /* Products */ = {
			isa = PBXGroup;
			children = (
				C03C799B1BDC3DB000191591 /* Objc_iOS_Native.app */,
				C03C79B91BDC3DBC00191591 /* Swift_iOS_Native.app */,
				C03C79D21BDC3DCD00191591 /* Objc_iOS_Framework.framework */,
				C03C79E41BDC3DD700191591 /* Swift_iOS_Framework.framework */,
				C03C79F41BDC3DE000191591 /* libObjc_iOS_StaticLibrary.a */,
				C03C7A011BDC3DED00191591 /* Objc_OSX_Native.app */,
				C03C7A191BDC3DF700191591 /* Swift_OSX_Native.app */,
				C03C7A2D1BDC3E0300191591 /* Objc_OSX_Framework.framework */,
				C03C7A3F1BDC3E1000191591 /* Swift_OSX_Framework.framework */,
				C03C7A4F1BDC3E1A00191591 /* libObjc_OSX_StaticLibrary.a */,
				C03C7A5C1BDC3E2200191591 /* libObjc_OSX_DynamicLibrary.dylib */,
				C03C7A691BDC3E2B00191591 /* OSX_Bundle.bundle */,
			);
			name = Products;
			sourceTree = "<group>";
		};
		C03C799C1BDC3DB000191591 /* Objc_iOS_Native */ = {
			isa = PBXGroup;
			children = (
				C03C79A01BDC3DB000191591 /* AppDelegate.h */,
				C03C79A11BDC3DB000191591 /* AppDelegate.m */,
				C03C79A31BDC3DB000191591 /* MasterViewController.h */,
				C03C79A41BDC3DB000191591 /* MasterViewController.m */,
				C03C79A61BDC3DB000191591 /* DetailViewController.h */,
				C03C79A71BDC3DB000191591 /* DetailViewController.m */,
				C03C79A91BDC3DB000191591 /* Main.storyboard */,
				C03C79AC1BDC3DB000191591 /* Assets.xcassets */,
				C03C79AE1BDC3DB000191591 /* LaunchScreen.storyboard */,
				C03C79B11BDC3DB000191591 /* Info.plist */,
				C03C799D1BDC3DB000191591 /* Supporting Files */,
			);
			path = Objc_iOS_Native;
			sourceTree = "<group>";
		};
		C03C799D1BDC3DB000191591 /* Supporting Files */ = {
			isa = PBXGroup;
			children = (
				C03C799E1BDC3DB000191591 /* main.m */,
			);
			name = "Supporting Files";
			sourceTree = "<group>";
		};
		C03C79BA1BDC3DBC00191591 /* Swift_iOS_Native */ = {
			isa = PBXGroup;
			children = (
				C03C79BB1BDC3DBC00191591 /* AppDelegate.swift */,
				C03C79BD1BDC3DBC00191591 /* MasterViewController.swift */,
				C03C79BF1BDC3DBC00191591 /* DetailViewController.swift */,
				C03C79C11BDC3DBC00191591 /* Main.storyboard */,
				C03C79C41BDC3DBC00191591 /* Assets.xcassets */,
				C03C79C61BDC3DBC00191591 /* LaunchScreen.storyboard */,
				C03C79C91BDC3DBC00191591 /* Info.plist */,
			);
			path = Swift_iOS_Native;
			sourceTree = "<group>";
		};
		C03C79D31BDC3DCD00191591 /* Objc_iOS_Framework */ = {
			isa = PBXGroup;
			children = (
				C03C79D41BDC3DCD00191591 /* Objc_iOS_Framework.h */,
				C03C79D61BDC3DCD00191591 /* Info.plist */,
			);
			path = Objc_iOS_Framework;
			sourceTree = "<group>";
		};
		C03C79E51BDC3DD700191591 /* Swift_iOS_Framework */ = {
			isa = PBXGroup;
			children = (
				C03C79E61BDC3DD700191591 /* Swift_iOS_Framework.h */,
				C03C79E81BDC3DD700191591 /* Info.plist */,
			);
			path = Swift_iOS_Framework;
			sourceTree = "<group>";
		};
		C03C79F51BDC3DE000191591 /* Objc_iOS_StaticLibrary */ = {
			isa = PBXGroup;
			children = (
				C03C79F61BDC3DE000191591 /* Objc_iOS_StaticLibrary.h */,
				C03C79F81BDC3DE000191591 /* Objc_iOS_StaticLibrary.m */,
			);
			path = Objc_iOS_StaticLibrary;
			sourceTree = "<group>";
		};
		C03C7A021BDC3DED00191591 /* Objc_OSX_Native */ = {
			isa = PBXGroup;
			children = (
				C03C7A031BDC3DED00191591 /* AppDelegate.h */,
				C03C7A041BDC3DED00191591 /* AppDelegate.m */,
				C03C7A091BDC3DED00191591 /* ViewController.h */,
				C03C7A0A1BDC3DED00191591 /* ViewController.m */,
				C03C7A0C1BDC3DED00191591 /* Assets.xcassets */,
				C03C7A0E1BDC3DED00191591 /* Main.storyboard */,
				C03C7A111BDC3DED00191591 /* Info.plist */,
				C03C7A061BDC3DED00191591 /* Supporting Files */,
			);
			path = Objc_OSX_Native;
			sourceTree = "<group>";
		};
		C03C7A061BDC3DED00191591 /* Supporting Files */ = {
			isa = PBXGroup;
			children = (
				C03C7A071BDC3DED00191591 /* main.m */,
			);
			name = "Supporting Files";
			sourceTree = "<group>";
		};
		C03C7A1A1BDC3DF700191591 /* Swift_OSX_Native */ = {
			isa = PBXGroup;
			children = (
				C03C7A1B1BDC3DF700191591 /* AppDelegate.swift */,
				C03C7A1D1BDC3DF700191591 /* ViewController.swift */,
				C03C7A1F1BDC3DF700191591 /* Assets.xcassets */,
				C03C7A211BDC3DF700191591 /* Main.storyboard */,
				C03C7A241BDC3DF700191591 /* Info.plist */,
			);
			path = Swift_OSX_Native;
			sourceTree = "<group>";
		};
		C03C7A2E1BDC3E0300191591 /* Objc_OSX_Framework */ = {
			isa = PBXGroup;
			children = (
				C03C7A2F1BDC3E0300191591 /* Objc_OSX_Framework.h */,
				C03C7A311BDC3E0300191591 /* Info.plist */,
			);
			path = Objc_OSX_Framework;
			sourceTree = "<group>";
		};
		C03C7A401BDC3E1000191591 /* Swift_OSX_Framework */ = {
			isa = PBXGroup;
			children = (
				C03C7A411BDC3E1000191591 /* Swift_OSX_Framework.h */,
				C03C7A431BDC3E1000191591 /* Info.plist */,
			);
			path = Swift_OSX_Framework;
			sourceTree = "<group>";
		};
		C03C7A501BDC3E1A00191591 /* Objc_OSX_StaticLibrary */ = {
			isa = PBXGroup;
			children = (
				C03C7A511BDC3E1A00191591 /* Objc_OSX_StaticLibrary.h */,
				C03C7A531BDC3E1A00191591 /* Objc_OSX_StaticLibrary.m */,
			);
			path = Objc_OSX_StaticLibrary;
			sourceTree = "<group>";
		};
		C03C7A5D1BDC3E2200191591 /* Objc_OSX_DynamicLibrary */ = {
			isa = PBXGroup;
			children = (
				C03C7A5E1BDC3E2200191591 /* Objc_OSX_DynamicLibrary.h */,
				C03C7A601BDC3E2200191591 /* Objc_OSX_DynamicLibrary.m */,
			);
			path = Objc_OSX_DynamicLibrary;
			sourceTree = "<group>";
		};
		C03C7A6A1BDC3E2B00191591 /* OSX_Bundle */ = {
			isa = PBXGroup;
			children = (
				C03C7A6B1BDC3E2B00191591 /* Info.plist */,
			);
			path = OSX_Bundle;
			sourceTree = "<group>";
		};
/* End PBXGroup section */

/* Begin PBXHeadersBuildPhase section */
		C03C79CF1BDC3DCD00191591 /* Headers */ = {
			isa = PBXHeadersBuildPhase;
			buildActionMask = 2147483647;
			files = (
				C03C79D51BDC3DCD00191591 /* Objc_iOS_Framework.h in Headers */,
				C03C79F71BDC3DE000191591 /* Objc_iOS_StaticLibrary.h in Headers */,
				C03C79E71BDC3DD700191591 /* Swift_iOS_Framework.h in Headers */,
			);
			runOnlyForDeploymentPostprocessing = 0;
		};
		C03C79E11BDC3DD700191591 /* Headers */ = {
			isa = PBXHeadersBuildPhase;
			buildActionMask = 2147483647;
			files = (
			);
			runOnlyForDeploymentPostprocessing = 0;
		};
		C03C7A2A1BDC3E0300191591 /* Headers */ = {
			isa = PBXHeadersBuildPhase;
			buildActionMask = 2147483647;
			files = (
				C03C7A421BDC3E1000191591 /* Swift_OSX_Framework.h in Headers */,
				C03C7A301BDC3E0300191591 /* Objc_OSX_Framework.h in Headers */,
			);
			runOnlyForDeploymentPostprocessing = 0;
		};
		C03C7A3C1BDC3E1000191591 /* Headers */ = {
			isa = PBXHeadersBuildPhase;
			buildActionMask = 2147483647;
			files = (
			);
			runOnlyForDeploymentPostprocessing = 0;
		};
		C03C7A4D1BDC3E1A00191591 /* Headers */ = {
			isa = PBXHeadersBuildPhase;
			buildActionMask = 2147483647;
			files = (
				C03C7A521BDC3E1A00191591 /* Objc_OSX_StaticLibrary.h in Headers */,
			);
			runOnlyForDeploymentPostprocessing = 0;
		};
		C03C7A5A1BDC3E2200191591 /* Headers */ = {
			isa = PBXHeadersBuildPhase;
			buildActionMask = 2147483647;
			files = (
				C03C7A5F1BDC3E2200191591 /* Objc_OSX_DynamicLibrary.h in Headers */,
			);
			runOnlyForDeploymentPostprocessing = 0;
		};
/* End PBXHeadersBuildPhase section */

/* Begin PBXNativeTarget section */
		C03C799A1BDC3DB000191591 /* Objc_iOS_Native */ = {
			isa = PBXNativeTarget;
			buildConfigurationList = C03C79B41BDC3DB000191591 /* Build configuration list for PBXNativeTarget "Objc_iOS_Native" */;
			buildPhases = (
				C03C79971BDC3DB000191591 /* Sources */,
				C03C79981BDC3DB000191591 /* Frameworks */,
				C03C79991BDC3DB000191591 /* Resources */,
				C03C79DE1BDC3DCD00191591 /* Embed Frameworks */,
			);
			buildRules = (
			);
			dependencies = (
				C03C79D81BDC3DCD00191591 /* PBXTargetDependency */,
				C03C79EA1BDC3DD700191591 /* PBXTargetDependency */,
			);
			name = Objc_iOS_Native;
			productName = Objc_iOS_Native;
			productReference = C03C799B1BDC3DB000191591 /* Objc_iOS_Native.app */;
			productType = "com.apple.product-type.application";
		};
		C03C79B81BDC3DBC00191591 /* Swift_iOS_Native */ = {
			isa = PBXNativeTarget;
			buildConfigurationList = C03C79CA1BDC3DBC00191591 /* Build configuration list for PBXNativeTarget "Swift_iOS_Native" */;
			buildPhases = (
				C03C79B51BDC3DBC00191591 /* Sources */,
				C03C79B61BDC3DBC00191591 /* Frameworks */,
				C03C79B71BDC3DBC00191591 /* Resources */,
			);
			buildRules = (
			);
			dependencies = (
			);
			name = Swift_iOS_Native;
			productName = Swift_iOS_Native;
			productReference = C03C79B91BDC3DBC00191591 /* Swift_iOS_Native.app */;
			productType = "com.apple.product-type.application";
		};
		C03C79D11BDC3DCD00191591 /* Objc_iOS_Framework */ = {
			isa = PBXNativeTarget;
			buildConfigurationList = C03C79DB1BDC3DCD00191591 /* Build configuration list for PBXNativeTarget "Objc_iOS_Framework" */;
			buildPhases = (
				C03C79CD1BDC3DCD00191591 /* Sources */,
				C03C79CE1BDC3DCD00191591 /* Frameworks */,
				C03C79CF1BDC3DCD00191591 /* Headers */,
				C03C79D01BDC3DCD00191591 /* Resources */,
			);
			buildRules = (
			);
			dependencies = (
			);
			name = Objc_iOS_Framework;
			productName = Objc_iOS_Framework;
			productReference = C03C79D21BDC3DCD00191591 /* Objc_iOS_Framework.framework */;
			productType = "com.apple.product-type.framework";
		};
		C03C79E31BDC3DD700191591 /* Swift_iOS_Framework */ = {
			isa = PBXNativeTarget;
			buildConfigurationList = C03C79ED1BDC3DD700191591 /* Build configuration list for PBXNativeTarget "Swift_iOS_Framework" */;
			buildPhases = (
				C03C79DF1BDC3DD700191591 /* Sources */,
				C03C79E01BDC3DD700191591 /* Frameworks */,
				C03C79E11BDC3DD700191591 /* Headers */,
				C03C79E21BDC3DD700191591 /* Resources */,
			);
			buildRules = (
			);
			dependencies = (
			);
			name = Swift_iOS_Framework;
			productName = Swift_iOS_Framework;
			productReference = C03C79E41BDC3DD700191591 /* Swift_iOS_Framework.framework */;
			productType = "com.apple.product-type.framework";
		};
		C03C79F31BDC3DE000191591 /* Objc_iOS_StaticLibrary */ = {
			isa = PBXNativeTarget;
			buildConfigurationList = C03C79FA1BDC3DE000191591 /* Build configuration list for PBXNativeTarget "Objc_iOS_StaticLibrary" */;
			buildPhases = (
				C03C79F01BDC3DE000191591 /* Sources */,
				C03C79F11BDC3DE000191591 /* Frameworks */,
				C03C79F21BDC3DE000191591 /* CopyFiles */,
			);
			buildRules = (
			);
			dependencies = (
			);
			name = Objc_iOS_StaticLibrary;
			productName = Objc_iOS_StaticLibrary;
			productReference = C03C79F41BDC3DE000191591 /* libObjc_iOS_StaticLibrary.a */;
			productType = "com.apple.product-type.library.static";
		};
		C03C7A001BDC3DED00191591 /* Objc_OSX_Native */ = {
			isa = PBXNativeTarget;
			buildConfigurationList = C03C7A121BDC3DED00191591 /* Build configuration list for PBXNativeTarget "Objc_OSX_Native" */;
			buildPhases = (
				C03C79FD1BDC3DED00191591 /* Sources */,
				C03C79FE1BDC3DED00191591 /* Frameworks */,
				C03C79FF1BDC3DED00191591 /* Resources */,
				C03C7A391BDC3E0300191591 /* Embed Frameworks */,
			);
			buildRules = (
			);
			dependencies = (
				C03C7A331BDC3E0300191591 /* PBXTargetDependency */,
				C03C7A451BDC3E1000191591 /* PBXTargetDependency */,
			);
			name = Objc_OSX_Native;
			productName = Objc_OSX_Native;
			productReference = C03C7A011BDC3DED00191591 /* Objc_OSX_Native.app */;
			productType = "com.apple.product-type.application";
		};
		C03C7A181BDC3DF700191591 /* Swift_OSX_Native */ = {
			isa = PBXNativeTarget;
			buildConfigurationList = C03C7A251BDC3DF700191591 /* Build configuration list for PBXNativeTarget "Swift_OSX_Native" */;
			buildPhases = (
				C03C7A151BDC3DF700191591 /* Sources */,
				C03C7A161BDC3DF700191591 /* Frameworks */,
				C03C7A171BDC3DF700191591 /* Resources */,
			);
			buildRules = (
			);
			dependencies = (
			);
			name = Swift_OSX_Native;
			productName = Swift_OSX_Native;
			productReference = C03C7A191BDC3DF700191591 /* Swift_OSX_Native.app */;
			productType = "com.apple.product-type.application";
		};
		C03C7A2C1BDC3E0300191591 /* Objc_OSX_Framework */ = {
			isa = PBXNativeTarget;
			buildConfigurationList = C03C7A361BDC3E0300191591 /* Build configuration list for PBXNativeTarget "Objc_OSX_Framework" */;
			buildPhases = (
				C03C7A281BDC3E0300191591 /* Sources */,
				C03C7A291BDC3E0300191591 /* Frameworks */,
				C03C7A2A1BDC3E0300191591 /* Headers */,
				C03C7A2B1BDC3E0300191591 /* Resources */,
			);
			buildRules = (
			);
			dependencies = (
			);
			name = Objc_OSX_Framework;
			productName = Objc_OSX_Framework;
			productReference = C03C7A2D1BDC3E0300191591 /* Objc_OSX_Framework.framework */;
			productType = "com.apple.product-type.framework";
		};
		C03C7A3E1BDC3E1000191591 /* Swift_OSX_Framework */ = {
			isa = PBXNativeTarget;
			buildConfigurationList = C03C7A481BDC3E1000191591 /* Build configuration list for PBXNativeTarget "Swift_OSX_Framework" */;
			buildPhases = (
				C03C7A3A1BDC3E1000191591 /* Sources */,
				C03C7A3B1BDC3E1000191591 /* Frameworks */,
				C03C7A3C1BDC3E1000191591 /* Headers */,
				C03C7A3D1BDC3E1000191591 /* Resources */,
			);
			buildRules = (
			);
			dependencies = (
			);
			name = Swift_OSX_Framework;
			productName = Swift_OSX_Framework;
			productReference = C03C7A3F1BDC3E1000191591 /* Swift_OSX_Framework.framework */;
			productType = "com.apple.product-type.framework";
		};
		C03C7A4E1BDC3E1A00191591 /* Objc_OSX_StaticLibrary */ = {
			isa = PBXNativeTarget;
			buildConfigurationList = C03C7A551BDC3E1A00191591 /* Build configuration list for PBXNativeTarget "Objc_OSX_StaticLibrary" */;
			buildPhases = (
				C03C7A4B1BDC3E1A00191591 /* Sources */,
				C03C7A4C1BDC3E1A00191591 /* Frameworks */,
				C03C7A4D1BDC3E1A00191591 /* Headers */,
			);
			buildRules = (
			);
			dependencies = (
			);
			name = Objc_OSX_StaticLibrary;
			productName = Objc_OSX_StaticLibrary;
			productReference = C03C7A4F1BDC3E1A00191591 /* libObjc_OSX_StaticLibrary.a */;
			productType = "com.apple.product-type.library.static";
		};
		C03C7A5B1BDC3E2200191591 /* Objc_OSX_DynamicLibrary */ = {
			isa = PBXNativeTarget;
			buildConfigurationList = C03C7A621BDC3E2200191591 /* Build configuration list for PBXNativeTarget "Objc_OSX_DynamicLibrary" */;
			buildPhases = (
				C03C7A581BDC3E2200191591 /* Sources */,
				C03C7A591BDC3E2200191591 /* Frameworks */,
				C03C7A5A1BDC3E2200191591 /* Headers */,
			);
			buildRules = (
			);
			dependencies = (
			);
			name = Objc_OSX_DynamicLibrary;
			productName = Objc_OSX_DynamicLibrary;
			productReference = C03C7A5C1BDC3E2200191591 /* libObjc_OSX_DynamicLibrary.dylib */;
			productType = "com.apple.product-type.library.dynamic";
		};
		C03C7A681BDC3E2B00191591 /* OSX_Bundle */ = {
			isa = PBXNativeTarget;
			buildConfigurationList = C03C7A6C1BDC3E2B00191591 /* Build configuration list for PBXNativeTarget "OSX_Bundle" */;
			buildPhases = (
				C03C7A651BDC3E2B00191591 /* Sources */,
				C03C7A661BDC3E2B00191591 /* Frameworks */,
				C03C7A671BDC3E2B00191591 /* Resources */,
			);
			buildRules = (
			);
			dependencies = (
			);
			name = OSX_Bundle;
			productName = OSX_Bundle;
			productReference = C03C7A691BDC3E2B00191591 /* OSX_Bundle.bundle */;
			productType = "com.apple.product-type.bundle";
		};
/* End PBXNativeTarget section */

/* Begin PBXProject section */
		E683F4F63B214332F588E287 /* Project object */ = {
			isa = PBXProject;
			attributes = {
				LastSwiftUpdateCheck = 0710;
				LastUpgradeCheck = 0700;
				TargetAttributes = {
					C03C799A1BDC3DB000191591 = {
						CreatedOnToolsVersion = 7.1;
					};
					C03C79B81BDC3DBC00191591 = {
						CreatedOnToolsVersion = 7.1;
					};
					C03C79D11BDC3DCD00191591 = {
						CreatedOnToolsVersion = 7.1;
					};
					C03C79E31BDC3DD700191591 = {
						CreatedOnToolsVersion = 7.1;
					};
					C03C79F31BDC3DE000191591 = {
						CreatedOnToolsVersion = 7.1;
					};
					C03C7A001BDC3DED00191591 = {
						CreatedOnToolsVersion = 7.1;
					};
					C03C7A181BDC3DF700191591 = {
						CreatedOnToolsVersion = 7.1;
					};
					C03C7A2C1BDC3E0300191591 = {
						CreatedOnToolsVersion = 7.1;
					};
					C03C7A3E1BDC3E1000191591 = {
						CreatedOnToolsVersion = 7.1;
					};
					C03C7A4E1BDC3E1A00191591 = {
						CreatedOnToolsVersion = 7.1;
					};
					C03C7A5B1BDC3E2200191591 = {
						CreatedOnToolsVersion = 7.1;
					};
					C03C7A681BDC3E2B00191591 = {
						CreatedOnToolsVersion = 7.1;
					};
				};
			};
			buildConfigurationList = 776955A68866CB7022F553DE /* Build configuration list for PBXProject "Project" */;
			compatibilityVersion = "Xcode 3.2";
			developmentRegion = English;
			hasScannedForEncodings = 0;
			knownRegions = (
				en,
				Base,
			);
			mainGroup = 8978841985A3338482574E7B;
			productRefGroup = A2B34AF16A9193083D76C012 /* Products */;
			projectDirPath = "";
			projectRoot = "";
			targets = (
				C03C799A1BDC3DB000191591 /* Objc_iOS_Native */,
				C03C79B81BDC3DBC00191591 /* Swift_iOS_Native */,
				C03C79D11BDC3DCD00191591 /* Objc_iOS_Framework */,
				C03C79E31BDC3DD700191591 /* Swift_iOS_Framework */,
				C03C79F31BDC3DE000191591 /* Objc_iOS_StaticLibrary */,
				C03C7A001BDC3DED00191591 /* Objc_OSX_Native */,
				C03C7A181BDC3DF700191591 /* Swift_OSX_Native */,
				C03C7A2C1BDC3E0300191591 /* Objc_OSX_Framework */,
				C03C7A3E1BDC3E1000191591 /* Swift_OSX_Framework */,
				C03C7A4E1BDC3E1A00191591 /* Objc_OSX_StaticLibrary */,
				C03C7A5B1BDC3E2200191591 /* Objc_OSX_DynamicLibrary */,
				C03C7A681BDC3E2B00191591 /* OSX_Bundle */,
			);
		};
/* End PBXProject section */

/* Begin PBXResourcesBuildPhase section */
		C03C79991BDC3DB000191591 /* Resources */ = {
			isa = PBXResourcesBuildPhase;
			buildActionMask = 2147483647;
			files = (
				C03C79B01BDC3DB000191591 /* LaunchScreen.storyboard in Resources */,
				C03C79AD1BDC3DB000191591 /* Assets.xcassets in Resources */,
				C03C79AB1BDC3DB000191591 /* Main.storyboard in Resources */,
			);
			runOnlyForDeploymentPostprocessing = 0;
		};
		C03C79B71BDC3DBC00191591 /* Resources */ = {
			isa = PBXResourcesBuildPhase;
			buildActionMask = 2147483647;
			files = (
				C03C79C81BDC3DBC00191591 /* LaunchScreen.storyboard in Resources */,
				C03C79C51BDC3DBC00191591 /* Assets.xcassets in Resources */,
				C03C79C31BDC3DBC00191591 /* Main.storyboard in Resources */,
			);
			runOnlyForDeploymentPostprocessing = 0;
		};
		C03C79D01BDC3DCD00191591 /* Resources */ = {
			isa = PBXResourcesBuildPhase;
			buildActionMask = 2147483647;
			files = (
			);
			runOnlyForDeploymentPostprocessing = 0;
		};
		C03C79E21BDC3DD700191591 /* Resources */ = {
			isa = PBXResourcesBuildPhase;
			buildActionMask = 2147483647;
			files = (
			);
			runOnlyForDeploymentPostprocessing = 0;
		};
		C03C79FF1BDC3DED00191591 /* Resources */ = {
			isa = PBXResourcesBuildPhase;
			buildActionMask = 2147483647;
			files = (
				C03C7A0D1BDC3DED00191591 /* Assets.xcassets in Resources */,
				C03C7A101BDC3DED00191591 /* Main.storyboard in Resources */,
			);
			runOnlyForDeploymentPostprocessing = 0;
		};
		C03C7A171BDC3DF700191591 /* Resources */ = {
			isa = PBXResourcesBuildPhase;
			buildActionMask = 2147483647;
			files = (
				C03C7A201BDC3DF700191591 /* Assets.xcassets in Resources */,
				C03C7A231BDC3DF700191591 /* Main.storyboard in Resources */,
			);
			runOnlyForDeploymentPostprocessing = 0;
		};
		C03C7A2B1BDC3E0300191591 /* Resources */ = {
			isa = PBXResourcesBuildPhase;
			buildActionMask = 2147483647;
			files = (
			);
			runOnlyForDeploymentPostprocessing = 0;
		};
		C03C7A3D1BDC3E1000191591 /* Resources */ = {
			isa = PBXResourcesBuildPhase;
			buildActionMask = 2147483647;
			files = (
			);
			runOnlyForDeploymentPostprocessing = 0;
		};
		C03C7A671BDC3E2B00191591 /* Resources */ = {
			isa = PBXResourcesBuildPhase;
			buildActionMask = 2147483647;
			files = (
			);
			runOnlyForDeploymentPostprocessing = 0;
		};
/* End PBXResourcesBuildPhase section */

/* Begin PBXSourcesBuildPhase section */
		C03C79971BDC3DB000191591 /* Sources */ = {
			isa = PBXSourcesBuildPhase;
			buildActionMask = 2147483647;
			files = (
				C03C79A21BDC3DB000191591 /* AppDelegate.m in Sources */,
				C03C79A51BDC3DB000191591 /* MasterViewController.m in Sources */,
				C03C799F1BDC3DB000191591 /* main.m in Sources */,
				C03C79A81BDC3DB000191591 /* DetailViewController.m in Sources */,
			);
			runOnlyForDeploymentPostprocessing = 0;
		};
		C03C79B51BDC3DBC00191591 /* Sources */ = {
			isa = PBXSourcesBuildPhase;
			buildActionMask = 2147483647;
			files = (
				C03C79C01BDC3DBC00191591 /* DetailViewController.swift in Sources */,
				C03C79BE1BDC3DBC00191591 /* MasterViewController.swift in Sources */,
				C03C79BC1BDC3DBC00191591 /* AppDelegate.swift in Sources */,
			);
			runOnlyForDeploymentPostprocessing = 0;
		};
		C03C79CD1BDC3DCD00191591 /* Sources */ = {
			isa = PBXSourcesBuildPhase;
			buildActionMask = 2147483647;
			files = (
			);
			runOnlyForDeploymentPostprocessing = 0;
		};
		C03C79DF1BDC3DD700191591 /* Sources */ = {
			isa = PBXSourcesBuildPhase;
			buildActionMask = 2147483647;
			files = (
			);
			runOnlyForDeploymentPostprocessing = 0;
		};
		C03C79F01BDC3DE000191591 /* Sources */ = {
			isa = PBXSourcesBuildPhase;
			buildActionMask = 2147483647;
			files = (
				C03C79F91BDC3DE000191591 /* Objc_iOS_StaticLibrary.m in Sources */,
			);
			runOnlyForDeploymentPostprocessing = 0;
		};
		C03C79FD1BDC3DED00191591 /* Sources */ = {
			isa = PBXSourcesBuildPhase;
			buildActionMask = 2147483647;
			files = (
				C03C7A0B1BDC3DED00191591 /* ViewController.m in Sources */,
				C03C7A081BDC3DED00191591 /* main.m in Sources */,
				C03C7A051BDC3DED00191591 /* AppDelegate.m in Sources */,
			);
			runOnlyForDeploymentPostprocessing = 0;
		};
		C03C7A151BDC3DF700191591 /* Sources */ = {
			isa = PBXSourcesBuildPhase;
			buildActionMask = 2147483647;
			files = (
				C03C7A1E1BDC3DF700191591 /* ViewController.swift in Sources */,
				C03C7A1C1BDC3DF700191591 /* AppDelegate.swift in Sources */,
			);
			runOnlyForDeploymentPostprocessing = 0;
		};
		C03C7A281BDC3E0300191591 /* Sources */ = {
			isa = PBXSourcesBuildPhase;
			buildActionMask = 2147483647;
			files = (
			);
			runOnlyForDeploymentPostprocessing = 0;
		};
		C03C7A3A1BDC3E1000191591 /* Sources */ = {
			isa = PBXSourcesBuildPhase;
			buildActionMask = 2147483647;
			files = (
			);
			runOnlyForDeploymentPostprocessing = 0;
		};
		C03C7A4B1BDC3E1A00191591 /* Sources */ = {
			isa = PBXSourcesBuildPhase;
			buildActionMask = 2147483647;
			files = (
				C03C7A541BDC3E1A00191591 /* Objc_OSX_StaticLibrary.m in Sources */,
			);
			runOnlyForDeploymentPostprocessing = 0;
		};
		C03C7A581BDC3E2200191591 /* Sources */ = {
			isa = PBXSourcesBuildPhase;
			buildActionMask = 2147483647;
			files = (
				C03C7A611BDC3E2200191591 /* Objc_OSX_DynamicLibrary.m in Sources */,
			);
			runOnlyForDeploymentPostprocessing = 0;
		};
		C03C7A651BDC3E2B00191591 /* Sources */ = {
			isa = PBXSourcesBuildPhase;
			buildActionMask = 2147483647;
			files = (
			);
			runOnlyForDeploymentPostprocessing = 0;
		};
/* End PBXSourcesBuildPhase section */

/* Begin PBXTargetDependency section */
		C03C79D81BDC3DCD00191591 /* PBXTargetDependency */ = {
			isa = PBXTargetDependency;
			target = C03C79D11BDC3DCD00191591 /* Objc_iOS_Framework */;
			targetProxy = C03C79D71BDC3DCD00191591 /* PBXContainerItemProxy */;
		};
		C03C79EA1BDC3DD700191591 /* PBXTargetDependency */ = {
			isa = PBXTargetDependency;
			target = C03C79E31BDC3DD700191591 /* Swift_iOS_Framework */;
			targetProxy = C03C79E91BDC3DD700191591 /* PBXContainerItemProxy */;
		};
		C03C7A331BDC3E0300191591 /* PBXTargetDependency */ = {
			isa = PBXTargetDependency;
			target = C03C7A2C1BDC3E0300191591 /* Objc_OSX_Framework */;
			targetProxy = C03C7A321BDC3E0300191591 /* PBXContainerItemProxy */;
		};
		C03C7A451BDC3E1000191591 /* PBXTargetDependency */ = {
			isa = PBXTargetDependency;
			target = C03C7A3E1BDC3E1000191591 /* Swift_OSX_Framework */;
			targetProxy = C03C7A441BDC3E1000191591 /* PBXContainerItemProxy */;
		};
/* End PBXTargetDependency section */

/* Begin PBXVariantGroup section */
		C03C79A91BDC3DB000191591 /* Main.storyboard */ = {
			isa = PBXVariantGroup;
			children = (
				C03C79AA1BDC3DB000191591 /* Base */,
			);
			name = Main.storyboard;
			sourceTree = "<group>";
		};
		C03C79AE1BDC3DB000191591 /* LaunchScreen.storyboard */ = {
			isa = PBXVariantGroup;
			children = (
				C03C79AF1BDC3DB000191591 /* Base */,
			);
			name = LaunchScreen.storyboard;
			sourceTree = "<group>";
		};
		C03C79C11BDC3DBC00191591 /* Main.storyboard */ = {
			isa = PBXVariantGroup;
			children = (
				C03C79C21BDC3DBC00191591 /* Base */,
			);
			name = Main.storyboard;
			sourceTree = "<group>";
		};
		C03C79C61BDC3DBC00191591 /* LaunchScreen.storyboard */ = {
			isa = PBXVariantGroup;
			children = (
				C03C79C71BDC3DBC00191591 /* Base */,
			);
			name = LaunchScreen.storyboard;
			sourceTree = "<group>";
		};
		C03C7A0E1BDC3DED00191591 /* Main.storyboard */ = {
			isa = PBXVariantGroup;
			children = (
				C03C7A0F1BDC3DED00191591 /* Base */,
			);
			name = Main.storyboard;
			sourceTree = "<group>";
		};
		C03C7A211BDC3DF700191591 /* Main.storyboard */ = {
			isa = PBXVariantGroup;
			children = (
				C03C7A221BDC3DF700191591 /* Base */,
			);
			name = Main.storyboard;
			sourceTree = "<group>";
		};
/* End PBXVariantGroup section */

/* Begin XCBuildConfiguration section */
		75E06699983F39D4EC3B59AB /* Debug */ = {
			isa = XCBuildConfiguration;
			buildSettings = {
				ALWAYS_SEARCH_USER_PATHS = NO;
				CLANG_CXX_LANGUAGE_STANDARD = "gnu++0x";
				CLANG_CXX_LIBRARY = "libc++";
				CLANG_ENABLE_MODULES = YES;
				CLANG_ENABLE_OBJC_ARC = YES;
				CLANG_WARN_BOOL_CONVERSION = YES;
				CLANG_WARN_CONSTANT_CONVERSION = YES;
				CLANG_WARN_DIRECT_OBJC_ISA_USAGE = YES;
				CLANG_WARN_EMPTY_BODY = YES;
				CLANG_WARN_ENUM_CONVERSION = YES;
				CLANG_WARN_INT_CONVERSION = YES;
				CLANG_WARN_OBJC_ROOT_CLASS = YES;
				CLANG_WARN_UNREACHABLE_CODE = YES;
				CLANG_WARN__DUPLICATE_METHOD_MATCH = YES;
				COPY_PHASE_STRIP = NO;
				GCC_C_LANGUAGE_STANDARD = gnu99;
				GCC_DYNAMIC_NO_PIC = NO;
				GCC_OPTIMIZATION_LEVEL = 0;
				GCC_PREPROCESSOR_DEFINITIONS = (
					"DEBUG=1",
					"$(inherited)",
				);
				GCC_SYMBOLS_PRIVATE_EXTERN = NO;
				GCC_WARN_64_TO_32_BIT_CONVERSION = YES;
				GCC_WARN_ABOUT_RETURN_TYPE = YES;
				GCC_WARN_UNDECLARED_SELECTOR = YES;
				GCC_WARN_UNINITIALIZED_AUTOS = YES;
				GCC_WARN_UNUSED_FUNCTION = YES;
				GCC_WARN_UNUSED_VARIABLE = YES;
				ONLY_ACTIVE_ARCH = YES;
			};
			name = Debug;
		};
		C03C79B21BDC3DB000191591 /* Debug */ = {
			isa = XCBuildConfiguration;
			buildSettings = {
				ASSETCATALOG_COMPILER_APPICON_NAME = AppIcon;
				CLANG_WARN_DIRECT_OBJC_ISA_USAGE = YES_ERROR;
				CLANG_WARN_OBJC_ROOT_CLASS = YES_ERROR;
				"CODE_SIGN_IDENTITY[sdk=iphoneos*]" = "iPhone Developer";
				DEBUG_INFORMATION_FORMAT = dwarf;
				ENABLE_STRICT_OBJC_MSGSEND = YES;
				ENABLE_TESTABILITY = YES;
				GCC_NO_COMMON_BLOCKS = YES;
				GCC_WARN_ABOUT_RETURN_TYPE = YES_ERROR;
				GCC_WARN_UNINITIALIZED_AUTOS = YES_AGGRESSIVE;
				INFOPLIST_FILE = Objc_iOS_Native/Info.plist;
				IPHONEOS_DEPLOYMENT_TARGET = 9.1;
				LD_RUNPATH_SEARCH_PATHS = "$(inherited) @executable_path/Frameworks";
				MTL_ENABLE_DEBUG_INFO = YES;
				PRODUCT_BUNDLE_IDENTIFIER = "org.cocoapods.Objc-iOS-Native";
				PRODUCT_NAME = "$(TARGET_NAME)";
				SDKROOT = iphoneos;
				TARGETED_DEVICE_FAMILY = "1,2";
			};
			name = Debug;
		};
		C03C79B31BDC3DB000191591 /* Release */ = {
			isa = XCBuildConfiguration;
			buildSettings = {
				ASSETCATALOG_COMPILER_APPICON_NAME = AppIcon;
				CLANG_WARN_DIRECT_OBJC_ISA_USAGE = YES_ERROR;
				CLANG_WARN_OBJC_ROOT_CLASS = YES_ERROR;
				"CODE_SIGN_IDENTITY[sdk=iphoneos*]" = "iPhone Developer";
				COPY_PHASE_STRIP = NO;
				DEBUG_INFORMATION_FORMAT = "dwarf-with-dsym";
				ENABLE_STRICT_OBJC_MSGSEND = YES;
				GCC_NO_COMMON_BLOCKS = YES;
				GCC_WARN_ABOUT_RETURN_TYPE = YES_ERROR;
				GCC_WARN_UNINITIALIZED_AUTOS = YES_AGGRESSIVE;
				INFOPLIST_FILE = Objc_iOS_Native/Info.plist;
				IPHONEOS_DEPLOYMENT_TARGET = 9.1;
				LD_RUNPATH_SEARCH_PATHS = "$(inherited) @executable_path/Frameworks";
				MTL_ENABLE_DEBUG_INFO = NO;
				PRODUCT_BUNDLE_IDENTIFIER = "org.cocoapods.Objc-iOS-Native";
				PRODUCT_NAME = "$(TARGET_NAME)";
				SDKROOT = iphoneos;
				TARGETED_DEVICE_FAMILY = "1,2";
			};
			name = Release;
		};
		C03C79CB1BDC3DBC00191591 /* Debug */ = {
			isa = XCBuildConfiguration;
			buildSettings = {
				ASSETCATALOG_COMPILER_APPICON_NAME = AppIcon;
				CLANG_WARN_DIRECT_OBJC_ISA_USAGE = YES_ERROR;
				CLANG_WARN_OBJC_ROOT_CLASS = YES_ERROR;
				"CODE_SIGN_IDENTITY[sdk=iphoneos*]" = "iPhone Developer";
				DEBUG_INFORMATION_FORMAT = dwarf;
				ENABLE_STRICT_OBJC_MSGSEND = YES;
				ENABLE_TESTABILITY = YES;
				GCC_NO_COMMON_BLOCKS = YES;
				GCC_WARN_ABOUT_RETURN_TYPE = YES_ERROR;
				GCC_WARN_UNINITIALIZED_AUTOS = YES_AGGRESSIVE;
				INFOPLIST_FILE = Swift_iOS_Native/Info.plist;
				IPHONEOS_DEPLOYMENT_TARGET = 9.1;
				LD_RUNPATH_SEARCH_PATHS = "$(inherited) @executable_path/Frameworks";
				MTL_ENABLE_DEBUG_INFO = YES;
				PRODUCT_BUNDLE_IDENTIFIER = "org.cocoapods.Swift-iOS-Native";
				PRODUCT_NAME = "$(TARGET_NAME)";
				SDKROOT = iphoneos;
				SWIFT_OPTIMIZATION_LEVEL = "-Onone";
				TARGETED_DEVICE_FAMILY = "1,2";
			};
			name = Debug;
		};
		C03C79CC1BDC3DBC00191591 /* Release */ = {
			isa = XCBuildConfiguration;
			buildSettings = {
				ASSETCATALOG_COMPILER_APPICON_NAME = AppIcon;
				CLANG_WARN_DIRECT_OBJC_ISA_USAGE = YES_ERROR;
				CLANG_WARN_OBJC_ROOT_CLASS = YES_ERROR;
				"CODE_SIGN_IDENTITY[sdk=iphoneos*]" = "iPhone Developer";
				COPY_PHASE_STRIP = NO;
				DEBUG_INFORMATION_FORMAT = "dwarf-with-dsym";
				ENABLE_STRICT_OBJC_MSGSEND = YES;
				GCC_NO_COMMON_BLOCKS = YES;
				GCC_WARN_ABOUT_RETURN_TYPE = YES_ERROR;
				GCC_WARN_UNINITIALIZED_AUTOS = YES_AGGRESSIVE;
				INFOPLIST_FILE = Swift_iOS_Native/Info.plist;
				IPHONEOS_DEPLOYMENT_TARGET = 9.1;
				LD_RUNPATH_SEARCH_PATHS = "$(inherited) @executable_path/Frameworks";
				MTL_ENABLE_DEBUG_INFO = NO;
				PRODUCT_BUNDLE_IDENTIFIER = "org.cocoapods.Swift-iOS-Native";
				PRODUCT_NAME = "$(TARGET_NAME)";
				SDKROOT = iphoneos;
				TARGETED_DEVICE_FAMILY = "1,2";
			};
			name = Release;
		};
		C03C79DC1BDC3DCD00191591 /* Debug */ = {
			isa = XCBuildConfiguration;
			buildSettings = {
				CLANG_WARN_DIRECT_OBJC_ISA_USAGE = YES_ERROR;
				CLANG_WARN_OBJC_ROOT_CLASS = YES_ERROR;
				"CODE_SIGN_IDENTITY[sdk=iphoneos*]" = "iPhone Developer";
				CURRENT_PROJECT_VERSION = 1;
				DEBUG_INFORMATION_FORMAT = dwarf;
				DEFINES_MODULE = YES;
				DYLIB_COMPATIBILITY_VERSION = 1;
				DYLIB_CURRENT_VERSION = 1;
				DYLIB_INSTALL_NAME_BASE = "@rpath";
				ENABLE_STRICT_OBJC_MSGSEND = YES;
				ENABLE_TESTABILITY = YES;
				GCC_NO_COMMON_BLOCKS = YES;
				GCC_WARN_ABOUT_RETURN_TYPE = YES_ERROR;
				GCC_WARN_UNINITIALIZED_AUTOS = YES_AGGRESSIVE;
				INFOPLIST_FILE = Objc_iOS_Framework/Info.plist;
				INSTALL_PATH = "$(LOCAL_LIBRARY_DIR)/Frameworks";
				IPHONEOS_DEPLOYMENT_TARGET = 9.1;
				LD_RUNPATH_SEARCH_PATHS = "$(inherited) @executable_path/Frameworks @loader_path/Frameworks";
				MTL_ENABLE_DEBUG_INFO = YES;
				PRODUCT_BUNDLE_IDENTIFIER = "org.cocoapods.Objc-iOS-Framework";
				PRODUCT_NAME = "$(TARGET_NAME)";
				SDKROOT = iphoneos;
				SKIP_INSTALL = YES;
				TARGETED_DEVICE_FAMILY = "1,2";
				VERSIONING_SYSTEM = "apple-generic";
				VERSION_INFO_PREFIX = "";
			};
			name = Debug;
		};
		C03C79DD1BDC3DCD00191591 /* Release */ = {
			isa = XCBuildConfiguration;
			buildSettings = {
				CLANG_WARN_DIRECT_OBJC_ISA_USAGE = YES_ERROR;
				CLANG_WARN_OBJC_ROOT_CLASS = YES_ERROR;
				"CODE_SIGN_IDENTITY[sdk=iphoneos*]" = "iPhone Developer";
				COPY_PHASE_STRIP = NO;
				CURRENT_PROJECT_VERSION = 1;
				DEBUG_INFORMATION_FORMAT = "dwarf-with-dsym";
				DEFINES_MODULE = YES;
				DYLIB_COMPATIBILITY_VERSION = 1;
				DYLIB_CURRENT_VERSION = 1;
				DYLIB_INSTALL_NAME_BASE = "@rpath";
				ENABLE_STRICT_OBJC_MSGSEND = YES;
				GCC_NO_COMMON_BLOCKS = YES;
				GCC_WARN_ABOUT_RETURN_TYPE = YES_ERROR;
				GCC_WARN_UNINITIALIZED_AUTOS = YES_AGGRESSIVE;
				INFOPLIST_FILE = Objc_iOS_Framework/Info.plist;
				INSTALL_PATH = "$(LOCAL_LIBRARY_DIR)/Frameworks";
				IPHONEOS_DEPLOYMENT_TARGET = 9.1;
				LD_RUNPATH_SEARCH_PATHS = "$(inherited) @executable_path/Frameworks @loader_path/Frameworks";
				MTL_ENABLE_DEBUG_INFO = NO;
				PRODUCT_BUNDLE_IDENTIFIER = "org.cocoapods.Objc-iOS-Framework";
				PRODUCT_NAME = "$(TARGET_NAME)";
				SDKROOT = iphoneos;
				SKIP_INSTALL = YES;
				TARGETED_DEVICE_FAMILY = "1,2";
				VERSIONING_SYSTEM = "apple-generic";
				VERSION_INFO_PREFIX = "";
			};
			name = Release;
		};
		C03C79EE1BDC3DD700191591 /* Debug */ = {
			isa = XCBuildConfiguration;
			buildSettings = {
				CLANG_WARN_DIRECT_OBJC_ISA_USAGE = YES_ERROR;
				CLANG_WARN_OBJC_ROOT_CLASS = YES_ERROR;
				"CODE_SIGN_IDENTITY[sdk=iphoneos*]" = "iPhone Developer";
				CURRENT_PROJECT_VERSION = 1;
				DEBUG_INFORMATION_FORMAT = dwarf;
				DEFINES_MODULE = YES;
				DYLIB_COMPATIBILITY_VERSION = 1;
				DYLIB_CURRENT_VERSION = 1;
				DYLIB_INSTALL_NAME_BASE = "@rpath";
				ENABLE_STRICT_OBJC_MSGSEND = YES;
				ENABLE_TESTABILITY = YES;
				GCC_NO_COMMON_BLOCKS = YES;
				GCC_WARN_ABOUT_RETURN_TYPE = YES_ERROR;
				GCC_WARN_UNINITIALIZED_AUTOS = YES_AGGRESSIVE;
				INFOPLIST_FILE = Swift_iOS_Framework/Info.plist;
				INSTALL_PATH = "$(LOCAL_LIBRARY_DIR)/Frameworks";
				IPHONEOS_DEPLOYMENT_TARGET = 9.1;
				LD_RUNPATH_SEARCH_PATHS = "$(inherited) @executable_path/Frameworks @loader_path/Frameworks";
				MTL_ENABLE_DEBUG_INFO = YES;
				PRODUCT_BUNDLE_IDENTIFIER = "org.cocoapods.Swift-iOS-Framework";
				PRODUCT_NAME = "$(TARGET_NAME)";
				SDKROOT = iphoneos;
				SKIP_INSTALL = YES;
				SWIFT_OPTIMIZATION_LEVEL = "-Onone";
				TARGETED_DEVICE_FAMILY = "1,2";
				VERSIONING_SYSTEM = "apple-generic";
				VERSION_INFO_PREFIX = "";
			};
			name = Debug;
		};
		C03C79EF1BDC3DD700191591 /* Release */ = {
			isa = XCBuildConfiguration;
			buildSettings = {
				CLANG_WARN_DIRECT_OBJC_ISA_USAGE = YES_ERROR;
				CLANG_WARN_OBJC_ROOT_CLASS = YES_ERROR;
				"CODE_SIGN_IDENTITY[sdk=iphoneos*]" = "iPhone Developer";
				COPY_PHASE_STRIP = NO;
				CURRENT_PROJECT_VERSION = 1;
				DEBUG_INFORMATION_FORMAT = "dwarf-with-dsym";
				DEFINES_MODULE = YES;
				DYLIB_COMPATIBILITY_VERSION = 1;
				DYLIB_CURRENT_VERSION = 1;
				DYLIB_INSTALL_NAME_BASE = "@rpath";
				ENABLE_STRICT_OBJC_MSGSEND = YES;
				GCC_NO_COMMON_BLOCKS = YES;
				GCC_WARN_ABOUT_RETURN_TYPE = YES_ERROR;
				GCC_WARN_UNINITIALIZED_AUTOS = YES_AGGRESSIVE;
				INFOPLIST_FILE = Swift_iOS_Framework/Info.plist;
				INSTALL_PATH = "$(LOCAL_LIBRARY_DIR)/Frameworks";
				IPHONEOS_DEPLOYMENT_TARGET = 9.1;
				LD_RUNPATH_SEARCH_PATHS = "$(inherited) @executable_path/Frameworks @loader_path/Frameworks";
				MTL_ENABLE_DEBUG_INFO = NO;
				PRODUCT_BUNDLE_IDENTIFIER = "org.cocoapods.Swift-iOS-Framework";
				PRODUCT_NAME = "$(TARGET_NAME)";
				SDKROOT = iphoneos;
				SKIP_INSTALL = YES;
				TARGETED_DEVICE_FAMILY = "1,2";
				VERSIONING_SYSTEM = "apple-generic";
				VERSION_INFO_PREFIX = "";
			};
			name = Release;
		};
		C03C79FB1BDC3DE000191591 /* Debug */ = {
			isa = XCBuildConfiguration;
			buildSettings = {
				CLANG_WARN_DIRECT_OBJC_ISA_USAGE = YES_ERROR;
				CLANG_WARN_OBJC_ROOT_CLASS = YES_ERROR;
				"CODE_SIGN_IDENTITY[sdk=iphoneos*]" = "iPhone Developer";
				DEBUG_INFORMATION_FORMAT = dwarf;
				ENABLE_STRICT_OBJC_MSGSEND = YES;
				ENABLE_TESTABILITY = YES;
				GCC_NO_COMMON_BLOCKS = YES;
				GCC_WARN_ABOUT_RETURN_TYPE = YES_ERROR;
				GCC_WARN_UNINITIALIZED_AUTOS = YES_AGGRESSIVE;
				IPHONEOS_DEPLOYMENT_TARGET = 9.1;
				MTL_ENABLE_DEBUG_INFO = YES;
				OTHER_LDFLAGS = "-ObjC";
				PRODUCT_NAME = "$(TARGET_NAME)";
				SDKROOT = iphoneos;
				SKIP_INSTALL = YES;
			};
			name = Debug;
		};
		C03C79FC1BDC3DE000191591 /* Release */ = {
			isa = XCBuildConfiguration;
			buildSettings = {
				CLANG_WARN_DIRECT_OBJC_ISA_USAGE = YES_ERROR;
				CLANG_WARN_OBJC_ROOT_CLASS = YES_ERROR;
				"CODE_SIGN_IDENTITY[sdk=iphoneos*]" = "iPhone Developer";
				COPY_PHASE_STRIP = NO;
				DEBUG_INFORMATION_FORMAT = "dwarf-with-dsym";
				ENABLE_STRICT_OBJC_MSGSEND = YES;
				GCC_NO_COMMON_BLOCKS = YES;
				GCC_WARN_ABOUT_RETURN_TYPE = YES_ERROR;
				GCC_WARN_UNINITIALIZED_AUTOS = YES_AGGRESSIVE;
				IPHONEOS_DEPLOYMENT_TARGET = 9.1;
				MTL_ENABLE_DEBUG_INFO = NO;
				OTHER_LDFLAGS = "-ObjC";
				PRODUCT_NAME = "$(TARGET_NAME)";
				SDKROOT = iphoneos;
				SKIP_INSTALL = YES;
			};
			name = Release;
		};
		C03C7A131BDC3DED00191591 /* Debug */ = {
			isa = XCBuildConfiguration;
			buildSettings = {
				ASSETCATALOG_COMPILER_APPICON_NAME = AppIcon;
				CLANG_WARN_DIRECT_OBJC_ISA_USAGE = YES_ERROR;
				CLANG_WARN_OBJC_ROOT_CLASS = YES_ERROR;
				CODE_SIGN_IDENTITY = "-";
				COMBINE_HIDPI_IMAGES = YES;
				DEBUG_INFORMATION_FORMAT = dwarf;
				ENABLE_STRICT_OBJC_MSGSEND = YES;
				ENABLE_TESTABILITY = YES;
				GCC_NO_COMMON_BLOCKS = YES;
				GCC_WARN_ABOUT_RETURN_TYPE = YES_ERROR;
				GCC_WARN_UNINITIALIZED_AUTOS = YES_AGGRESSIVE;
				INFOPLIST_FILE = Objc_OSX_Native/Info.plist;
				LD_RUNPATH_SEARCH_PATHS = "$(inherited) @executable_path/../Frameworks";
				MACOSX_DEPLOYMENT_TARGET = 10.11;
				MTL_ENABLE_DEBUG_INFO = YES;
				PRODUCT_BUNDLE_IDENTIFIER = "org.cocoapods.Objc-OSX-Native";
				PRODUCT_NAME = "$(TARGET_NAME)";
				SDKROOT = macosx;
			};
			name = Debug;
		};
		C03C7A141BDC3DED00191591 /* Release */ = {
			isa = XCBuildConfiguration;
			buildSettings = {
				ASSETCATALOG_COMPILER_APPICON_NAME = AppIcon;
				CLANG_WARN_DIRECT_OBJC_ISA_USAGE = YES_ERROR;
				CLANG_WARN_OBJC_ROOT_CLASS = YES_ERROR;
				CODE_SIGN_IDENTITY = "-";
				COMBINE_HIDPI_IMAGES = YES;
				COPY_PHASE_STRIP = NO;
				DEBUG_INFORMATION_FORMAT = "dwarf-with-dsym";
				ENABLE_STRICT_OBJC_MSGSEND = YES;
				GCC_NO_COMMON_BLOCKS = YES;
				GCC_WARN_ABOUT_RETURN_TYPE = YES_ERROR;
				GCC_WARN_UNINITIALIZED_AUTOS = YES_AGGRESSIVE;
				INFOPLIST_FILE = Objc_OSX_Native/Info.plist;
				LD_RUNPATH_SEARCH_PATHS = "$(inherited) @executable_path/../Frameworks";
				MACOSX_DEPLOYMENT_TARGET = 10.11;
				MTL_ENABLE_DEBUG_INFO = NO;
				PRODUCT_BUNDLE_IDENTIFIER = "org.cocoapods.Objc-OSX-Native";
				PRODUCT_NAME = "$(TARGET_NAME)";
				SDKROOT = macosx;
			};
			name = Release;
		};
		C03C7A261BDC3DF700191591 /* Debug */ = {
			isa = XCBuildConfiguration;
			buildSettings = {
				ASSETCATALOG_COMPILER_APPICON_NAME = AppIcon;
				CLANG_WARN_DIRECT_OBJC_ISA_USAGE = YES_ERROR;
				CLANG_WARN_OBJC_ROOT_CLASS = YES_ERROR;
				CODE_SIGN_IDENTITY = "-";
				COMBINE_HIDPI_IMAGES = YES;
				DEBUG_INFORMATION_FORMAT = dwarf;
				ENABLE_STRICT_OBJC_MSGSEND = YES;
				ENABLE_TESTABILITY = YES;
				GCC_NO_COMMON_BLOCKS = YES;
				GCC_WARN_ABOUT_RETURN_TYPE = YES_ERROR;
				GCC_WARN_UNINITIALIZED_AUTOS = YES_AGGRESSIVE;
				INFOPLIST_FILE = Swift_OSX_Native/Info.plist;
				LD_RUNPATH_SEARCH_PATHS = "$(inherited) @executable_path/../Frameworks";
				MACOSX_DEPLOYMENT_TARGET = 10.11;
				MTL_ENABLE_DEBUG_INFO = YES;
				PRODUCT_BUNDLE_IDENTIFIER = "org.cocoapods.Swift-OSX-Native";
				PRODUCT_NAME = "$(TARGET_NAME)";
				SDKROOT = macosx;
				SWIFT_OPTIMIZATION_LEVEL = "-Onone";
			};
			name = Debug;
		};
		C03C7A271BDC3DF700191591 /* Release */ = {
			isa = XCBuildConfiguration;
			buildSettings = {
				ASSETCATALOG_COMPILER_APPICON_NAME = AppIcon;
				CLANG_WARN_DIRECT_OBJC_ISA_USAGE = YES_ERROR;
				CLANG_WARN_OBJC_ROOT_CLASS = YES_ERROR;
				CODE_SIGN_IDENTITY = "-";
				COMBINE_HIDPI_IMAGES = YES;
				COPY_PHASE_STRIP = NO;
				DEBUG_INFORMATION_FORMAT = "dwarf-with-dsym";
				ENABLE_STRICT_OBJC_MSGSEND = YES;
				GCC_NO_COMMON_BLOCKS = YES;
				GCC_WARN_ABOUT_RETURN_TYPE = YES_ERROR;
				GCC_WARN_UNINITIALIZED_AUTOS = YES_AGGRESSIVE;
				INFOPLIST_FILE = Swift_OSX_Native/Info.plist;
				LD_RUNPATH_SEARCH_PATHS = "$(inherited) @executable_path/../Frameworks";
				MACOSX_DEPLOYMENT_TARGET = 10.11;
				MTL_ENABLE_DEBUG_INFO = NO;
				PRODUCT_BUNDLE_IDENTIFIER = "org.cocoapods.Swift-OSX-Native";
				PRODUCT_NAME = "$(TARGET_NAME)";
				SDKROOT = macosx;
			};
			name = Release;
		};
		C03C7A371BDC3E0300191591 /* Debug */ = {
			isa = XCBuildConfiguration;
			buildSettings = {
				CLANG_WARN_DIRECT_OBJC_ISA_USAGE = YES_ERROR;
				CLANG_WARN_OBJC_ROOT_CLASS = YES_ERROR;
				CODE_SIGN_IDENTITY = "-";
				COMBINE_HIDPI_IMAGES = YES;
				CURRENT_PROJECT_VERSION = 1;
				DEBUG_INFORMATION_FORMAT = dwarf;
				DEFINES_MODULE = YES;
				DYLIB_COMPATIBILITY_VERSION = 1;
				DYLIB_CURRENT_VERSION = 1;
				DYLIB_INSTALL_NAME_BASE = "@rpath";
				ENABLE_STRICT_OBJC_MSGSEND = YES;
				ENABLE_TESTABILITY = YES;
				FRAMEWORK_VERSION = A;
				GCC_NO_COMMON_BLOCKS = YES;
				GCC_WARN_ABOUT_RETURN_TYPE = YES_ERROR;
				GCC_WARN_UNINITIALIZED_AUTOS = YES_AGGRESSIVE;
				INFOPLIST_FILE = Objc_OSX_Framework/Info.plist;
				INSTALL_PATH = "$(LOCAL_LIBRARY_DIR)/Frameworks";
				LD_RUNPATH_SEARCH_PATHS = "$(inherited) @executable_path/../Frameworks @loader_path/Frameworks";
				MACOSX_DEPLOYMENT_TARGET = 10.11;
				MTL_ENABLE_DEBUG_INFO = YES;
				PRODUCT_BUNDLE_IDENTIFIER = "org.cocoapods.Objc-OSX-Framework";
				PRODUCT_NAME = "$(TARGET_NAME)";
				SDKROOT = macosx;
				SKIP_INSTALL = YES;
				VERSIONING_SYSTEM = "apple-generic";
				VERSION_INFO_PREFIX = "";
			};
			name = Debug;
		};
		C03C7A381BDC3E0300191591 /* Release */ = {
			isa = XCBuildConfiguration;
			buildSettings = {
				CLANG_WARN_DIRECT_OBJC_ISA_USAGE = YES_ERROR;
				CLANG_WARN_OBJC_ROOT_CLASS = YES_ERROR;
				CODE_SIGN_IDENTITY = "-";
				COMBINE_HIDPI_IMAGES = YES;
				COPY_PHASE_STRIP = NO;
				CURRENT_PROJECT_VERSION = 1;
				DEBUG_INFORMATION_FORMAT = "dwarf-with-dsym";
				DEFINES_MODULE = YES;
				DYLIB_COMPATIBILITY_VERSION = 1;
				DYLIB_CURRENT_VERSION = 1;
				DYLIB_INSTALL_NAME_BASE = "@rpath";
				ENABLE_STRICT_OBJC_MSGSEND = YES;
				FRAMEWORK_VERSION = A;
				GCC_NO_COMMON_BLOCKS = YES;
				GCC_WARN_ABOUT_RETURN_TYPE = YES_ERROR;
				GCC_WARN_UNINITIALIZED_AUTOS = YES_AGGRESSIVE;
				INFOPLIST_FILE = Objc_OSX_Framework/Info.plist;
				INSTALL_PATH = "$(LOCAL_LIBRARY_DIR)/Frameworks";
				LD_RUNPATH_SEARCH_PATHS = "$(inherited) @executable_path/../Frameworks @loader_path/Frameworks";
				MACOSX_DEPLOYMENT_TARGET = 10.11;
				MTL_ENABLE_DEBUG_INFO = NO;
				PRODUCT_BUNDLE_IDENTIFIER = "org.cocoapods.Objc-OSX-Framework";
				PRODUCT_NAME = "$(TARGET_NAME)";
				SDKROOT = macosx;
				SKIP_INSTALL = YES;
				VERSIONING_SYSTEM = "apple-generic";
				VERSION_INFO_PREFIX = "";
			};
			name = Release;
		};
		C03C7A491BDC3E1000191591 /* Debug */ = {
			isa = XCBuildConfiguration;
			buildSettings = {
				CLANG_WARN_DIRECT_OBJC_ISA_USAGE = YES_ERROR;
				CLANG_WARN_OBJC_ROOT_CLASS = YES_ERROR;
				CODE_SIGN_IDENTITY = "-";
				COMBINE_HIDPI_IMAGES = YES;
				CURRENT_PROJECT_VERSION = 1;
				DEBUG_INFORMATION_FORMAT = dwarf;
				DEFINES_MODULE = YES;
				DYLIB_COMPATIBILITY_VERSION = 1;
				DYLIB_CURRENT_VERSION = 1;
				DYLIB_INSTALL_NAME_BASE = "@rpath";
				ENABLE_STRICT_OBJC_MSGSEND = YES;
				ENABLE_TESTABILITY = YES;
				FRAMEWORK_VERSION = A;
				GCC_NO_COMMON_BLOCKS = YES;
				GCC_WARN_ABOUT_RETURN_TYPE = YES_ERROR;
				GCC_WARN_UNINITIALIZED_AUTOS = YES_AGGRESSIVE;
				INFOPLIST_FILE = Swift_OSX_Framework/Info.plist;
				INSTALL_PATH = "$(LOCAL_LIBRARY_DIR)/Frameworks";
				LD_RUNPATH_SEARCH_PATHS = "$(inherited) @executable_path/../Frameworks @loader_path/Frameworks";
				MACOSX_DEPLOYMENT_TARGET = 10.11;
				MTL_ENABLE_DEBUG_INFO = YES;
				PRODUCT_BUNDLE_IDENTIFIER = "org.cocoapods.Swift-OSX-Framework";
				PRODUCT_NAME = "$(TARGET_NAME)";
				SDKROOT = macosx;
				SKIP_INSTALL = YES;
				SWIFT_OPTIMIZATION_LEVEL = "-Onone";
				VERSIONING_SYSTEM = "apple-generic";
				VERSION_INFO_PREFIX = "";
			};
			name = Debug;
		};
		C03C7A4A1BDC3E1000191591 /* Release */ = {
			isa = XCBuildConfiguration;
			buildSettings = {
				CLANG_WARN_DIRECT_OBJC_ISA_USAGE = YES_ERROR;
				CLANG_WARN_OBJC_ROOT_CLASS = YES_ERROR;
				CODE_SIGN_IDENTITY = "-";
				COMBINE_HIDPI_IMAGES = YES;
				COPY_PHASE_STRIP = NO;
				CURRENT_PROJECT_VERSION = 1;
				DEBUG_INFORMATION_FORMAT = "dwarf-with-dsym";
				DEFINES_MODULE = YES;
				DYLIB_COMPATIBILITY_VERSION = 1;
				DYLIB_CURRENT_VERSION = 1;
				DYLIB_INSTALL_NAME_BASE = "@rpath";
				ENABLE_STRICT_OBJC_MSGSEND = YES;
				FRAMEWORK_VERSION = A;
				GCC_NO_COMMON_BLOCKS = YES;
				GCC_WARN_ABOUT_RETURN_TYPE = YES_ERROR;
				GCC_WARN_UNINITIALIZED_AUTOS = YES_AGGRESSIVE;
				INFOPLIST_FILE = Swift_OSX_Framework/Info.plist;
				INSTALL_PATH = "$(LOCAL_LIBRARY_DIR)/Frameworks";
				LD_RUNPATH_SEARCH_PATHS = "$(inherited) @executable_path/../Frameworks @loader_path/Frameworks";
				MACOSX_DEPLOYMENT_TARGET = 10.11;
				MTL_ENABLE_DEBUG_INFO = NO;
				PRODUCT_BUNDLE_IDENTIFIER = "org.cocoapods.Swift-OSX-Framework";
				PRODUCT_NAME = "$(TARGET_NAME)";
				SDKROOT = macosx;
				SKIP_INSTALL = YES;
				VERSIONING_SYSTEM = "apple-generic";
				VERSION_INFO_PREFIX = "";
			};
			name = Release;
		};
		C03C7A561BDC3E1A00191591 /* Debug */ = {
			isa = XCBuildConfiguration;
			buildSettings = {
				CLANG_WARN_DIRECT_OBJC_ISA_USAGE = YES_ERROR;
				CLANG_WARN_OBJC_ROOT_CLASS = YES_ERROR;
				CODE_SIGN_IDENTITY = "-";
				DEBUG_INFORMATION_FORMAT = dwarf;
				ENABLE_STRICT_OBJC_MSGSEND = YES;
				ENABLE_TESTABILITY = YES;
				EXECUTABLE_PREFIX = lib;
				GCC_NO_COMMON_BLOCKS = YES;
				GCC_WARN_ABOUT_RETURN_TYPE = YES_ERROR;
				GCC_WARN_UNINITIALIZED_AUTOS = YES_AGGRESSIVE;
				MACOSX_DEPLOYMENT_TARGET = 10.11;
				MTL_ENABLE_DEBUG_INFO = YES;
				PRODUCT_NAME = "$(TARGET_NAME)";
				SDKROOT = macosx;
			};
			name = Debug;
		};
		C03C7A571BDC3E1A00191591 /* Release */ = {
			isa = XCBuildConfiguration;
			buildSettings = {
				CLANG_WARN_DIRECT_OBJC_ISA_USAGE = YES_ERROR;
				CLANG_WARN_OBJC_ROOT_CLASS = YES_ERROR;
				CODE_SIGN_IDENTITY = "-";
				COPY_PHASE_STRIP = NO;
				DEBUG_INFORMATION_FORMAT = "dwarf-with-dsym";
				ENABLE_STRICT_OBJC_MSGSEND = YES;
				EXECUTABLE_PREFIX = lib;
				GCC_NO_COMMON_BLOCKS = YES;
				GCC_WARN_ABOUT_RETURN_TYPE = YES_ERROR;
				GCC_WARN_UNINITIALIZED_AUTOS = YES_AGGRESSIVE;
				MACOSX_DEPLOYMENT_TARGET = 10.11;
				MTL_ENABLE_DEBUG_INFO = NO;
				PRODUCT_NAME = "$(TARGET_NAME)";
				SDKROOT = macosx;
			};
			name = Release;
		};
		C03C7A631BDC3E2200191591 /* Debug */ = {
			isa = XCBuildConfiguration;
			buildSettings = {
				CLANG_WARN_DIRECT_OBJC_ISA_USAGE = YES_ERROR;
				CLANG_WARN_OBJC_ROOT_CLASS = YES_ERROR;
				CODE_SIGN_IDENTITY = "-";
				DEBUG_INFORMATION_FORMAT = dwarf;
				DYLIB_COMPATIBILITY_VERSION = 1;
				DYLIB_CURRENT_VERSION = 1;
				ENABLE_STRICT_OBJC_MSGSEND = YES;
				ENABLE_TESTABILITY = YES;
				EXECUTABLE_PREFIX = lib;
				GCC_NO_COMMON_BLOCKS = YES;
				GCC_WARN_ABOUT_RETURN_TYPE = YES_ERROR;
				GCC_WARN_UNINITIALIZED_AUTOS = YES_AGGRESSIVE;
				MACOSX_DEPLOYMENT_TARGET = 10.11;
				MTL_ENABLE_DEBUG_INFO = YES;
				PRODUCT_NAME = "$(TARGET_NAME)";
				SDKROOT = macosx;
			};
			name = Debug;
		};
		C03C7A641BDC3E2200191591 /* Release */ = {
			isa = XCBuildConfiguration;
			buildSettings = {
				CLANG_WARN_DIRECT_OBJC_ISA_USAGE = YES_ERROR;
				CLANG_WARN_OBJC_ROOT_CLASS = YES_ERROR;
				CODE_SIGN_IDENTITY = "-";
				COPY_PHASE_STRIP = NO;
				DEBUG_INFORMATION_FORMAT = "dwarf-with-dsym";
				DYLIB_COMPATIBILITY_VERSION = 1;
				DYLIB_CURRENT_VERSION = 1;
				ENABLE_STRICT_OBJC_MSGSEND = YES;
				EXECUTABLE_PREFIX = lib;
				GCC_NO_COMMON_BLOCKS = YES;
				GCC_WARN_ABOUT_RETURN_TYPE = YES_ERROR;
				GCC_WARN_UNINITIALIZED_AUTOS = YES_AGGRESSIVE;
				MACOSX_DEPLOYMENT_TARGET = 10.11;
				MTL_ENABLE_DEBUG_INFO = NO;
				PRODUCT_NAME = "$(TARGET_NAME)";
				SDKROOT = macosx;
			};
			name = Release;
		};
		C03C7A6D1BDC3E2B00191591 /* Debug */ = {
			isa = XCBuildConfiguration;
			buildSettings = {
				CLANG_WARN_DIRECT_OBJC_ISA_USAGE = YES_ERROR;
				CLANG_WARN_OBJC_ROOT_CLASS = YES_ERROR;
				CODE_SIGN_IDENTITY = "-";
				COMBINE_HIDPI_IMAGES = YES;
				DEBUG_INFORMATION_FORMAT = dwarf;
				ENABLE_STRICT_OBJC_MSGSEND = YES;
				ENABLE_TESTABILITY = YES;
				GCC_NO_COMMON_BLOCKS = YES;
				GCC_WARN_ABOUT_RETURN_TYPE = YES_ERROR;
				GCC_WARN_UNINITIALIZED_AUTOS = YES_AGGRESSIVE;
				INFOPLIST_FILE = OSX_Bundle/Info.plist;
				INSTALL_PATH = "$(LOCAL_LIBRARY_DIR)/Bundles";
				MACOSX_DEPLOYMENT_TARGET = 10.11;
				MTL_ENABLE_DEBUG_INFO = YES;
				PRODUCT_BUNDLE_IDENTIFIER = "org.cocoapods.OSX-Bundle";
				PRODUCT_NAME = "$(TARGET_NAME)";
				SDKROOT = macosx;
				SKIP_INSTALL = YES;
				WRAPPER_EXTENSION = bundle;
			};
			name = Debug;
		};
		C03C7A6E1BDC3E2B00191591 /* Release */ = {
			isa = XCBuildConfiguration;
			buildSettings = {
				CLANG_WARN_DIRECT_OBJC_ISA_USAGE = YES_ERROR;
				CLANG_WARN_OBJC_ROOT_CLASS = YES_ERROR;
				CODE_SIGN_IDENTITY = "-";
				COMBINE_HIDPI_IMAGES = YES;
				COPY_PHASE_STRIP = NO;
				DEBUG_INFORMATION_FORMAT = "dwarf-with-dsym";
				ENABLE_STRICT_OBJC_MSGSEND = YES;
				GCC_NO_COMMON_BLOCKS = YES;
				GCC_WARN_ABOUT_RETURN_TYPE = YES_ERROR;
				GCC_WARN_UNINITIALIZED_AUTOS = YES_AGGRESSIVE;
				INFOPLIST_FILE = OSX_Bundle/Info.plist;
				INSTALL_PATH = "$(LOCAL_LIBRARY_DIR)/Bundles";
				MACOSX_DEPLOYMENT_TARGET = 10.11;
				MTL_ENABLE_DEBUG_INFO = NO;
				PRODUCT_BUNDLE_IDENTIFIER = "org.cocoapods.OSX-Bundle";
				PRODUCT_NAME = "$(TARGET_NAME)";
				SDKROOT = macosx;
				SKIP_INSTALL = YES;
				WRAPPER_EXTENSION = bundle;
			};
			name = Release;
		};
		E3197E3229CBC9A0C103C926 /* Release */ = {
			isa = XCBuildConfiguration;
			buildSettings = {
				ALWAYS_SEARCH_USER_PATHS = NO;
				CLANG_CXX_LANGUAGE_STANDARD = "gnu++0x";
				CLANG_CXX_LIBRARY = "libc++";
				CLANG_ENABLE_MODULES = YES;
				CLANG_ENABLE_OBJC_ARC = YES;
				CLANG_WARN_BOOL_CONVERSION = YES;
				CLANG_WARN_CONSTANT_CONVERSION = YES;
				CLANG_WARN_DIRECT_OBJC_ISA_USAGE = YES;
				CLANG_WARN_EMPTY_BODY = YES;
				CLANG_WARN_ENUM_CONVERSION = YES;
				CLANG_WARN_INT_CONVERSION = YES;
				CLANG_WARN_OBJC_ROOT_CLASS = YES;
				CLANG_WARN_UNREACHABLE_CODE = YES;
				CLANG_WARN__DUPLICATE_METHOD_MATCH = YES;
				COPY_PHASE_STRIP = YES;
				ENABLE_NS_ASSERTIONS = NO;
				GCC_C_LANGUAGE_STANDARD = gnu99;
				GCC_WARN_64_TO_32_BIT_CONVERSION = YES;
				GCC_WARN_ABOUT_RETURN_TYPE = YES;
				GCC_WARN_UNDECLARED_SELECTOR = YES;
				GCC_WARN_UNINITIALIZED_AUTOS = YES;
				GCC_WARN_UNUSED_FUNCTION = YES;
				GCC_WARN_UNUSED_VARIABLE = YES;
				VALIDATE_PRODUCT = YES;
			};
			name = Release;
		};
/* End XCBuildConfiguration section */

/* Begin XCConfigurationList section */
		776955A68866CB7022F553DE /* Build configuration list for PBXProject "Project" */ = {
			isa = XCConfigurationList;
			buildConfigurations = (
				75E06699983F39D4EC3B59AB /* Debug */,
				E3197E3229CBC9A0C103C926 /* Release */,
			);
			defaultConfigurationIsVisible = 0;
			defaultConfigurationName = Release;
		};
		C03C79B41BDC3DB000191591 /* Build configuration list for PBXNativeTarget "Objc_iOS_Native" */ = {
			isa = XCConfigurationList;
			buildConfigurations = (
				C03C79B21BDC3DB000191591 /* Debug */,
				C03C79B31BDC3DB000191591 /* Release */,
			);
			defaultConfigurationIsVisible = 0;
		};
		C03C79CA1BDC3DBC00191591 /* Build configuration list for PBXNativeTarget "Swift_iOS_Native" */ = {
			isa = XCConfigurationList;
			buildConfigurations = (
				C03C79CB1BDC3DBC00191591 /* Debug */,
				C03C79CC1BDC3DBC00191591 /* Release */,
			);
			defaultConfigurationIsVisible = 0;
		};
		C03C79DB1BDC3DCD00191591 /* Build configuration list for PBXNativeTarget "Objc_iOS_Framework" */ = {
			isa = XCConfigurationList;
			buildConfigurations = (
				C03C79DC1BDC3DCD00191591 /* Debug */,
				C03C79DD1BDC3DCD00191591 /* Release */,
			);
			defaultConfigurationIsVisible = 0;
		};
		C03C79ED1BDC3DD700191591 /* Build configuration list for PBXNativeTarget "Swift_iOS_Framework" */ = {
			isa = XCConfigurationList;
			buildConfigurations = (
				C03C79EE1BDC3DD700191591 /* Debug */,
				C03C79EF1BDC3DD700191591 /* Release */,
			);
			defaultConfigurationIsVisible = 0;
		};
		C03C79FA1BDC3DE000191591 /* Build configuration list for PBXNativeTarget "Objc_iOS_StaticLibrary" */ = {
			isa = XCConfigurationList;
			buildConfigurations = (
				C03C79FB1BDC3DE000191591 /* Debug */,
				C03C79FC1BDC3DE000191591 /* Release */,
			);
			defaultConfigurationIsVisible = 0;
		};
		C03C7A121BDC3DED00191591 /* Build configuration list for PBXNativeTarget "Objc_OSX_Native" */ = {
			isa = XCConfigurationList;
			buildConfigurations = (
				C03C7A131BDC3DED00191591 /* Debug */,
				C03C7A141BDC3DED00191591 /* Release */,
			);
			defaultConfigurationIsVisible = 0;
		};
		C03C7A251BDC3DF700191591 /* Build configuration list for PBXNativeTarget "Swift_OSX_Native" */ = {
			isa = XCConfigurationList;
			buildConfigurations = (
				C03C7A261BDC3DF700191591 /* Debug */,
				C03C7A271BDC3DF700191591 /* Release */,
			);
			defaultConfigurationIsVisible = 0;
		};
		C03C7A361BDC3E0300191591 /* Build configuration list for PBXNativeTarget "Objc_OSX_Framework" */ = {
			isa = XCConfigurationList;
			buildConfigurations = (
				C03C7A371BDC3E0300191591 /* Debug */,
				C03C7A381BDC3E0300191591 /* Release */,
			);
			defaultConfigurationIsVisible = 0;
		};
		C03C7A481BDC3E1000191591 /* Build configuration list for PBXNativeTarget "Swift_OSX_Framework" */ = {
			isa = XCConfigurationList;
			buildConfigurations = (
				C03C7A491BDC3E1000191591 /* Debug */,
				C03C7A4A1BDC3E1000191591 /* Release */,
			);
			defaultConfigurationIsVisible = 0;
		};
		C03C7A551BDC3E1A00191591 /* Build configuration list for PBXNativeTarget "Objc_OSX_StaticLibrary" */ = {
			isa = XCConfigurationList;
			buildConfigurations = (
				C03C7A561BDC3E1A00191591 /* Debug */,
				C03C7A571BDC3E1A00191591 /* Release */,
			);
			defaultConfigurationIsVisible = 0;
		};
		C03C7A621BDC3E2200191591 /* Build configuration list for PBXNativeTarget "Objc_OSX_DynamicLibrary" */ = {
			isa = XCConfigurationList;
			buildConfigurations = (
				C03C7A631BDC3E2200191591 /* Debug */,
				C03C7A641BDC3E2200191591 /* Release */,
			);
			defaultConfigurationIsVisible = 0;
		};
		C03C7A6C1BDC3E2B00191591 /* Build configuration list for PBXNativeTarget "OSX_Bundle" */ = {
			isa = XCConfigurationList;
			buildConfigurations = (
				C03C7A6D1BDC3E2B00191591 /* Debug */,
				C03C7A6E1BDC3E2B00191591 /* Release */,
			);
			defaultConfigurationIsVisible = 0;
		};
/* End XCConfigurationList section */
	};
	rootObject = E683F4F63B214332F588E287 /* Project object */;
}
