// !$*UTF8*$!
{
	archiveVersion = 1;
	classes = {
	};
	objectVersion = 50;
	objects = {

/* Begin PBXBuildFile section */
		7A69B2FD21BB2E0800A88CAA /* AppDelegate.swift in Sources */ = {isa = PBXBuildFile; fileRef = 7A69B2FC21BB2E0800A88CAA /* AppDelegate.swift */; };
		7A69B2FF21BB2E0800A88CAA /* ViewController.swift in Sources */ = {isa = PBXBuildFile; fileRef = 7A69B2FE21BB2E0800A88CAA /* ViewController.swift */; };
		7A69B30221BB2E0800A88CAA /* Main.storyboard in Resources */ = {isa = PBXBuildFile; fileRef = 7A69B30021BB2E0800A88CAA /* Main.storyboard */; };
		7A69B30421BB2E0900A88CAA /* Assets.xcassets in Resources */ = {isa = PBXBuildFile; fileRef = 7A69B30321BB2E0900A88CAA /* Assets.xcassets */; };
		7A69B30721BB2E0900A88CAA /* LaunchScreen.storyboard in Resources */ = {isa = PBXBuildFile; fileRef = 7A69B30521BB2E0900A88CAA /* LaunchScreen.storyboard */; };
/* End PBXBuildFile section */

/* Begin PBXFileReference section */
		7A69B2F921BB2E0800A88CAA /* project_in_subgroup.app */ = {isa = PBXFileReference; explicitFileType = wrapper.application; includeInIndex = 0; path = project_in_subgroup.app; sourceTree = BUILT_PRODUCTS_DIR; };
		7A69B2FC21BB2E0800A88CAA /* AppDelegate.swift */ = {isa = PBXFileReference; lastKnownFileType = sourcecode.swift; path = AppDelegate.swift; sourceTree = "<group>"; };
		7A69B2FE21BB2E0800A88CAA /* ViewController.swift */ = {isa = PBXFileReference; lastKnownFileType = sourcecode.swift; path = ViewController.swift; sourceTree = "<group>"; };
		7A69B30121BB2E0800A88CAA /* Base */ = {isa = PBXFileReference; lastKnownFileType = file.storyboard; name = Base; path = Base.lproj/Main.storyboard; sourceTree = "<group>"; };
		7A69B30321BB2E0900A88CAA /* Assets.xcassets */ = {isa = PBXFileReference; lastKnownFileType = folder.assetcatalog; path = Assets.xcassets; sourceTree = "<group>"; };
		7A69B30621BB2E0900A88CAA /* Base */ = {isa = PBXFileReference; lastKnownFileType = file.storyboard; name = Base; path = Base.lproj/LaunchScreen.storyboard; sourceTree = "<group>"; };
		7A69B30821BB2E0900A88CAA /* Info.plist */ = {isa = PBXFileReference; lastKnownFileType = text.plist.xml; path = Info.plist; sourceTree = "<group>"; };
/* End PBXFileReference section */

/* Begin PBXFrameworksBuildPhase section */
		7A69B2F621BB2E0800A88CAA /* Frameworks */ = {
			isa = PBXFrameworksBuildPhase;
			buildActionMask = 2147483647;
			files = (
			);
			runOnlyForDeploymentPostprocessing = 0;
		};
/* End PBXFrameworksBuildPhase section */

/* Begin PBXGroup section */
		7A69B2F021BB2E0800A88CAA = {
			isa = PBXGroup;
			children = (
				7A69B2FB21BB2E0800A88CAA /* project_in_subgroup */,
				7A69B2FA21BB2E0800A88CAA /* Products */,
			);
			sourceTree = "<group>";
		};
		7A69B2FA21BB2E0800A88CAA /* Products */ = {
			isa = PBXGroup;
			children = (
				7A69B2F921BB2E0800A88CAA /* project_in_subgroup.app */,
			);
			name = Products;
			sourceTree = "<group>";
		};
		7A69B2FB21BB2E0800A88CAA /* project_in_subgroup */ = {
			isa = PBXGroup;
			children = (
				7A69B2FC21BB2E0800A88CAA /* AppDelegate.swift */,
				7A69B2FE21BB2E0800A88CAA /* ViewController.swift */,
				7A69B30021BB2E0800A88CAA /* Main.storyboard */,
				7A69B30321BB2E0900A88CAA /* Assets.xcassets */,
				7A69B30521BB2E0900A88CAA /* LaunchScreen.storyboard */,
				7A69B30821BB2E0900A88CAA /* Info.plist */,
			);
			path = project_in_subgroup;
			sourceTree = "<group>";
		};
/* End PBXGroup section */

/* Begin PBXNativeTarget section */
		7A69B2F821BB2E0800A88CAA /* project_in_subgroup */ = {
			isa = PBXNativeTarget;
			buildConfigurationList = 7A69B30B21BB2E0900A88CAA /* Build configuration list for PBXNativeTarget "project_in_subgroup" */;
			buildPhases = (
				7A69B2F521BB2E0800A88CAA /* Sources */,
				7A69B2F621BB2E0800A88CAA /* Frameworks */,
				7A69B2F721BB2E0800A88CAA /* Resources */,
			);
			buildRules = (
			);
			dependencies = (
			);
			name = project_in_subgroup;
			productName = project_in_subgroup;
			productReference = 7A69B2F921BB2E0800A88CAA /* project_in_subgroup.app */;
			productType = "com.apple.product-type.application";
		};
/* End PBXNativeTarget section */

/* Begin PBXProject section */
		7A69B2F121BB2E0800A88CAA /* Project object */ = {
			isa = PBXProject;
			attributes = {
				LastSwiftUpdateCheck = 1010;
				LastUpgradeCheck = 1010;
				ORGANIZATIONNAME = "Albert So";
				TargetAttributes = {
					7A69B2F821BB2E0800A88CAA = {
						CreatedOnToolsVersion = 10.1;
					};
				};
			};
			buildConfigurationList = 7A69B2F421BB2E0800A88CAA /* Build configuration list for PBXProject "project_in_subgroup" */;
			compatibilityVersion = "Xcode 9.3";
			developmentRegion = en;
			hasScannedForEncodings = 0;
			knownRegions = (
				en,
				Base,
			);
			mainGroup = 7A69B2F021BB2E0800A88CAA;
			productRefGroup = 7A69B2FA21BB2E0800A88CAA /* Products */;
			projectDirPath = "";
			projectRoot = "";
			targets = (
				7A69B2F821BB2E0800A88CAA /* project_in_subgroup */,
			);
		};
/* End PBXProject section */

/* Begin PBXResourcesBuildPhase section */
		7A69B2F721BB2E0800A88CAA /* Resources */ = {
			isa = PBXResourcesBuildPhase;
			buildActionMask = 2147483647;
			files = (
				7A69B30721BB2E0900A88CAA /* LaunchScreen.storyboard in Resources */,
				7A69B30421BB2E0900A88CAA /* Assets.xcassets in Resources */,
				7A69B30221BB2E0800A88CAA /* Main.storyboard in Resources */,
			);
			runOnlyForDeploymentPostprocessing = 0;
		};
/* End PBXResourcesBuildPhase section */

/* Begin PBXSourcesBuildPhase section */
		7A69B2F521BB2E0800A88CAA /* Sources */ = {
			isa = PBXSourcesBuildPhase;
			buildActionMask = 2147483647;
			files = (
				7A69B2FF21BB2E0800A88CAA /* ViewController.swift in Sources */,
				7A69B2FD21BB2E0800A88CAA /* AppDelegate.swift in Sources */,
			);
			runOnlyForDeploymentPostprocessing = 0;
		};
/* End PBXSourcesBuildPhase section */

/* Begin PBXVariantGroup section */
		7A69B30021BB2E0800A88CAA /* Main.storyboard */ = {
			isa = PBXVariantGroup;
			children = (
				7A69B30121BB2E0800A88CAA /* Base */,
			);
			name = Main.storyboard;
			sourceTree = "<group>";
		};
		7A69B30521BB2E0900A88CAA /* LaunchScreen.storyboard */ = {
			isa = PBXVariantGroup;
			children = (
				7A69B30621BB2E0900A88CAA /* Base */,
			);
			name = LaunchScreen.storyboard;
			sourceTree = "<group>";
		};
/* End PBXVariantGroup section */

/* Begin XCBuildConfiguration section */
		7A69B30921BB2E0900A88CAA /* Debug */ = {
			isa = XCBuildConfiguration;
			buildSettings = {
				ALWAYS_SEARCH_USER_PATHS = NO;
				CLANG_ANALYZER_NONNULL = YES;
				CLANG_ANALYZER_NUMBER_OBJECT_CONVERSION = YES_AGGRESSIVE;
				CLANG_CXX_LANGUAGE_STANDARD = "gnu++14";
				CLANG_CXX_LIBRARY = "libc++";
				CLANG_ENABLE_MODULES = YES;
				CLANG_ENABLE_OBJC_ARC = YES;
				CLANG_ENABLE_OBJC_WEAK = YES;
				CLANG_WARN_BLOCK_CAPTURE_AUTORELEASING = YES;
				CLANG_WARN_BOOL_CONVERSION = YES;
				CLANG_WARN_COMMA = YES;
				CLANG_WARN_CONSTANT_CONVERSION = YES;
				CLANG_WARN_DEPRECATED_OBJC_IMPLEMENTATIONS = YES;
				CLANG_WARN_DIRECT_OBJC_ISA_USAGE = YES_ERROR;
				CLANG_WARN_DOCUMENTATION_COMMENTS = YES;
				CLANG_WARN_EMPTY_BODY = YES;
				CLANG_WARN_ENUM_CONVERSION = YES;
				CLANG_WARN_INFINITE_RECURSION = YES;
				CLANG_WARN_INT_CONVERSION = YES;
				CLANG_WARN_NON_LITERAL_NULL_CONVERSION = YES;
				CLANG_WARN_OBJC_IMPLICIT_RETAIN_SELF = YES;
				CLANG_WARN_OBJC_LITERAL_CONVERSION = YES;
				CLANG_WARN_OBJC_ROOT_CLASS = YES_ERROR;
				CLANG_WARN_RANGE_LOOP_ANALYSIS = YES;
				CLANG_WARN_STRICT_PROTOTYPES = YES;
				CLANG_WARN_SUSPICIOUS_MOVE = YES;
				CLANG_WARN_UNGUARDED_AVAILABILITY = YES_AGGRESSIVE;
				CLANG_WARN_UNREACHABLE_CODE = YES;
				CLANG_WARN__DUPLICATE_METHOD_MATCH = YES;
				CODE_SIGN_IDENTITY = "iPhone Developer";
				COPY_PHASE_STRIP = NO;
				DEBUG_INFORMATION_FORMAT = dwarf;
				ENABLE_STRICT_OBJC_MSGSEND = YES;
				ENABLE_TESTABILITY = YES;
				GCC_C_LANGUAGE_STANDARD = gnu11;
				GCC_DYNAMIC_NO_PIC = NO;
				GCC_NO_COMMON_BLOCKS = YES;
				GCC_OPTIMIZATION_LEVEL = 0;
				GCC_PREPROCESSOR_DEFINITIONS = (
					"DEBUG=1",
					"$(inherited)",
				);
				GCC_WARN_64_TO_32_BIT_CONVERSION = YES;
				GCC_WARN_ABOUT_RETURN_TYPE = YES_ERROR;
				GCC_WARN_UNDECLARED_SELECTOR = YES;
				GCC_WARN_UNINITIALIZED_AUTOS = YES_AGGRESSIVE;
				GCC_WARN_UNUSED_FUNCTION = YES;
				GCC_WARN_UNUSED_VARIABLE = YES;
				IPHONEOS_DEPLOYMENT_TARGET = 12.1;
				MTL_ENABLE_DEBUG_INFO = INCLUDE_SOURCE;
				MTL_FAST_MATH = YES;
				ONLY_ACTIVE_ARCH = YES;
				SDKROOT = iphoneos;
				SWIFT_ACTIVE_COMPILATION_CONDITIONS = DEBUG;
				SWIFT_OPTIMIZATION_LEVEL = "-Onone";
			};
			name = Debug;
		};
		7A69B30A21BB2E0900A88CAA /* Release */ = {
			isa = XCBuildConfiguration;
			buildSettings = {
				ALWAYS_SEARCH_USER_PATHS = NO;
				CLANG_ANALYZER_NONNULL = YES;
				CLANG_ANALYZER_NUMBER_OBJECT_CONVERSION = YES_AGGRESSIVE;
				CLANG_CXX_LANGUAGE_STANDARD = "gnu++14";
				CLANG_CXX_LIBRARY = "libc++";
				CLANG_ENABLE_MODULES = YES;
				CLANG_ENABLE_OBJC_ARC = YES;
				CLANG_ENABLE_OBJC_WEAK = YES;
				CLANG_WARN_BLOCK_CAPTURE_AUTORELEASING = YES;
				CLANG_WARN_BOOL_CONVERSION = YES;
				CLANG_WARN_COMMA = YES;
				CLANG_WARN_CONSTANT_CONVERSION = YES;
				CLANG_WARN_DEPRECATED_OBJC_IMPLEMENTATIONS = YES;
				CLANG_WARN_DIRECT_OBJC_ISA_USAGE = YES_ERROR;
				CLANG_WARN_DOCUMENTATION_COMMENTS = YES;
				CLANG_WARN_EMPTY_BODY = YES;
				CLANG_WARN_ENUM_CONVERSION = YES;
				CLANG_WARN_INFINITE_RECURSION = YES;
				CLANG_WARN_INT_CONVERSION = YES;
				CLANG_WARN_NON_LITERAL_NULL_CONVERSION = YES;
				CLANG_WARN_OBJC_IMPLICIT_RETAIN_SELF = YES;
				CLANG_WARN_OBJC_LITERAL_CONVERSION = YES;
				CLANG_WARN_OBJC_ROOT_CLASS = YES_ERROR;
				CLANG_WARN_RANGE_LOOP_ANALYSIS = YES;
				CLANG_WARN_STRICT_PROTOTYPES = YES;
				CLANG_WARN_SUSPICIOUS_MOVE = YES;
				CLANG_WARN_UNGUARDED_AVAILABILITY = YES_AGGRESSIVE;
				CLANG_WARN_UNREACHABLE_CODE = YES;
				CLANG_WARN__DUPLICATE_METHOD_MATCH = YES;
				CODE_SIGN_IDENTITY = "iPhone Developer";
				COPY_PHASE_STRIP = NO;
				DEBUG_INFORMATION_FORMAT = "dwarf-with-dsym";
				ENABLE_NS_ASSERTIONS = NO;
				ENABLE_STRICT_OBJC_MSGSEND = YES;
				GCC_C_LANGUAGE_STANDARD = gnu11;
				GCC_NO_COMMON_BLOCKS = YES;
				GCC_WARN_64_TO_32_BIT_CONVERSION = YES;
				GCC_WARN_ABOUT_RETURN_TYPE = YES_ERROR;
				GCC_WARN_UNDECLARED_SELECTOR = YES;
				GCC_WARN_UNINITIALIZED_AUTOS = YES_AGGRESSIVE;
				GCC_WARN_UNUSED_FUNCTION = YES;
				GCC_WARN_UNUSED_VARIABLE = YES;
				IPHONEOS_DEPLOYMENT_TARGET = 12.1;
				MTL_ENABLE_DEBUG_INFO = NO;
				MTL_FAST_MATH = YES;
				SDKROOT = iphoneos;
				SWIFT_COMPILATION_MODE = wholemodule;
				SWIFT_OPTIMIZATION_LEVEL = "-O";
				VALIDATE_PRODUCT = YES;
			};
			name = Release;
		};
		7A69B30C21BB2E0900A88CAA /* Debug */ = {
			isa = XCBuildConfiguration;
			buildSettings = {
				ASSETCATALOG_COMPILER_APPICON_NAME = AppIcon;
				CODE_SIGN_STYLE = Automatic;
				DEVELOPMENT_TEAM = 62V394N4UN;
				INFOPLIST_FILE = project_in_subgroup/Info.plist;
				LD_RUNPATH_SEARCH_PATHS = (
					"$(inherited)",
					"@executable_path/Frameworks",
				);
				PRODUCT_BUNDLE_IDENTIFIER = "com.atlassian.mobile.aso.project-in-subgroup";
				PRODUCT_NAME = "$(TARGET_NAME)";
				SWIFT_VERSION = 4.2;
				TARGETED_DEVICE_FAMILY = "1,2";
			};
			name = Debug;
		};
		7A69B30D21BB2E0900A88CAA /* Release */ = {
			isa = XCBuildConfiguration;
			buildSettings = {
				ASSETCATALOG_COMPILER_APPICON_NAME = AppIcon;
				CODE_SIGN_STYLE = Automatic;
				DEVELOPMENT_TEAM = 62V394N4UN;
				INFOPLIST_FILE = project_in_subgroup/Info.plist;
				LD_RUNPATH_SEARCH_PATHS = (
					"$(inherited)",
					"@executable_path/Frameworks",
				);
				PRODUCT_BUNDLE_IDENTIFIER = "com.atlassian.mobile.aso.project-in-subgroup";
				PRODUCT_NAME = "$(TARGET_NAME)";
				SWIFT_VERSION = 4.2;
				TARGETED_DEVICE_FAMILY = "1,2";
			};
			name = Release;
		};
/* End XCBuildConfiguration section */

/* Begin XCConfigurationList section */
		7A69B2F421BB2E0800A88CAA /* Build configuration list for PBXProject "project_in_subgroup" */ = {
			isa = XCConfigurationList;
			buildConfigurations = (
				7A69B30921BB2E0900A88CAA /* Debug */,
				7A69B30A21BB2E0900A88CAA /* Release */,
			);
			defaultConfigurationIsVisible = 0;
			defaultConfigurationName = Release;
		};
		7A69B30B21BB2E0900A88CAA /* Build configuration list for PBXNativeTarget "project_in_subgroup" */ = {
			isa = XCConfigurationList;
			buildConfigurations = (
				7A69B30C21BB2E0900A88CAA /* Debug */,
				7A69B30D21BB2E0900A88CAA /* Release */,
			);
			defaultConfigurationIsVisible = 0;
			defaultConfigurationName = Release;
		};
/* End XCConfigurationList section */
	};
	rootObject = 7A69B2F121BB2E0800A88CAA /* Project object */;
}
